// !$*UTF8*$!
{
	archiveVersion = 1;
	classes = {
	};
	objectVersion = 45;
	objects = {

/* Begin PBXBuildFile section */
		1D3623260D0F684500981E51 /* NSManagedObjectContextSampleAppDelegate.m in Sources */ = {isa = PBXBuildFile; fileRef = 1D3623250D0F684500981E51 /* NSManagedObjectContextSampleAppDelegate.m */; };
		1D60589B0D05DD56006BFB54 /* main.m in Sources */ = {isa = PBXBuildFile; fileRef = 29B97316FDCFA39411CA2CEA /* main.m */; };
		1D60589F0D05DD5A006BFB54 /* Foundation.framework in Frameworks */ = {isa = PBXBuildFile; fileRef = 1D30AB110D05D00D00671497 /* Foundation.framework */; };
		1DF5F4E00D08C38300B7A737 /* UIKit.framework in Frameworks */ = {isa = PBXBuildFile; fileRef = 1DF5F4DF0D08C38300B7A737 /* UIKit.framework */; };
		28860B770F44E54D00985440 /* NSManagedObjectContextSample.xcdatamodel in Sources */ = {isa = PBXBuildFile; fileRef = 28860B760F44E54D00985440 /* NSManagedObjectContextSample.xcdatamodel */; };
		28860BE50F44EE6400985440 /* CoreData.framework in Frameworks */ = {isa = PBXBuildFile; fileRef = 28860BE40F44EE6400985440 /* CoreData.framework */; };
		2892E4100DC94CBA00A64D0F /* CoreGraphics.framework in Frameworks */ = {isa = PBXBuildFile; fileRef = 2892E40F0DC94CBA00A64D0F /* CoreGraphics.framework */; };
		2899E5600DE3E45000AC0155 /* RootViewController.xib in Resources */ = {isa = PBXBuildFile; fileRef = 2899E55F0DE3E45000AC0155 /* RootViewController.xib */; };
		28AD73600D9D9599002E5188 /* MainWindow.xib in Resources */ = {isa = PBXBuildFile; fileRef = 28AD735F0D9D9599002E5188 /* MainWindow.xib */; };
		28C286E10D94DF7D0034E888 /* RootViewController.m in Sources */ = {isa = PBXBuildFile; fileRef = 28C286E00D94DF7D0034E888 /* RootViewController.m */; };
		4630A5BB102743190081D4BE /* Event.m in Sources */ = {isa = PBXBuildFile; fileRef = 4630A5BA102743190081D4BE /* Event.m */; };
		467CA1E6129A3FBC00437F8D /* NSErrorCoreDataExtension.m in Sources */ = {isa = PBXBuildFile; fileRef = 467CA1A4129A3FBC00437F8D /* NSErrorCoreDataExtension.m */; };
		467CA1E7129A3FBC00437F8D /* NSFetchedResultsControllerSortedObject.m in Sources */ = {isa = PBXBuildFile; fileRef = 467CA1A7129A3FBC00437F8D /* NSFetchedResultsControllerSortedObject.m */; };
		467CA1E8129A3FBC00437F8D /* ISFetchRequestCondition.m in Sources */ = {isa = PBXBuildFile; fileRef = 467CA1AA129A3FBC00437F8D /* ISFetchRequestCondition.m */; };
		467CA1E9129A3FBC00437F8D /* NSManagedObjectCallbacks.m in Sources */ = {isa = PBXBuildFile; fileRef = 467CA1AC129A3FBC00437F8D /* NSManagedObjectCallbacks.m */; };
		467CA1EA129A3FBC00437F8D /* NSManagedObjectCreation.m in Sources */ = {isa = PBXBuildFile; fileRef = 467CA1AE129A3FBC00437F8D /* NSManagedObjectCreation.m */; };
		467CA1EB129A3FBC00437F8D /* NSManagedObjectDisplay.m in Sources */ = {isa = PBXBuildFile; fileRef = 467CA1B0129A3FBC00437F8D /* NSManagedObjectDisplay.m */; };
		467CA1EC129A3FBC00437F8D /* NSManagedObjectFetch.m in Sources */ = {isa = PBXBuildFile; fileRef = 467CA1B2129A3FBC00437F8D /* NSManagedObjectFetch.m */; };
		467CA1ED129A3FBC00437F8D /* NSManagedObjectFind.m in Sources */ = {isa = PBXBuildFile; fileRef = 467CA1B4129A3FBC00437F8D /* NSManagedObjectFind.m */; };
		467CA1EE129A3FBC00437F8D /* NSManagedObjectList.m in Sources */ = {isa = PBXBuildFile; fileRef = 467CA1B6129A3FBC00437F8D /* NSManagedObjectList.m */; };
		467CA1EF129A3FBC00437F8D /* NSManagedObjectSerialize.m in Sources */ = {isa = PBXBuildFile; fileRef = 467CA1B8129A3FBC00437F8D /* NSManagedObjectSerialize.m */; };
		467CA1F0129A3FBC00437F8D /* NSManagedObjectContextAop.m in Sources */ = {isa = PBXBuildFile; fileRef = 467CA1BB129A3FBC00437F8D /* NSManagedObjectContextAop.m */; };
		467CA1F1129A3FBC00437F8D /* NSManagedObjectContextCreation.m in Sources */ = {isa = PBXBuildFile; fileRef = 467CA1BD129A3FBC00437F8D /* NSManagedObjectContextCreation.m */; };
		467CA1F2129A3FBC00437F8D /* NSManagedObjectContextDefaultContext.m in Sources */ = {isa = PBXBuildFile; fileRef = 467CA1BF129A3FBC00437F8D /* NSManagedObjectContextDefaultContext.m */; };
		467CA1F3129A3FBC00437F8D /* NSSortDescriptorExtension.m in Sources */ = {isa = PBXBuildFile; fileRef = 467CA1C1129A3FBC00437F8D /* NSSortDescriptorExtension.m */; };
		467CA1F4129A3FBC00437F8D /* ISCDDetailedTableViewController.m in Sources */ = {isa = PBXBuildFile; fileRef = 467CA1C4129A3FBC00437F8D /* ISCDDetailedTableViewController.m */; };
		467CA1F5129A3FBC00437F8D /* ISCDListTableViewController.m in Sources */ = {isa = PBXBuildFile; fileRef = 467CA1C6129A3FBC00437F8D /* ISCDListTableViewController.m */; };
		467CA1F6129A3FBC00437F8D /* ISDateTimeInputViewController.m in Sources */ = {isa = PBXBuildFile; fileRef = 467CA1C8129A3FBC00437F8D /* ISDateTimeInputViewController.m */; };
		467CA1F7129A3FBC00437F8D /* ISDateTimeInputViewController.xib in Resources */ = {isa = PBXBuildFile; fileRef = 467CA1C9129A3FBC00437F8D /* ISDateTimeInputViewController.xib */; };
		467CA1F8129A3FBC00437F8D /* ISProperty.m in Sources */ = {isa = PBXBuildFile; fileRef = 467CA1CC129A3FBC00437F8D /* ISProperty.m */; };
		467CA1F9129A3FBC00437F8D /* ISSectionedArrayController.m in Sources */ = {isa = PBXBuildFile; fileRef = 467CA1CE129A3FBC00437F8D /* ISSectionedArrayController.m */; };
		467CA1FA129A3FBC00437F8D /* NSDateExtension.m in Sources */ = {isa = PBXBuildFile; fileRef = 467CA1D0129A3FBC00437F8D /* NSDateExtension.m */; };
		467CA1FB129A3FBC00437F8D /* NSErrorExtension.m in Sources */ = {isa = PBXBuildFile; fileRef = 467CA1D2129A3FBC00437F8D /* NSErrorExtension.m */; };
		467CA1FC129A3FBC00437F8D /* NSNotificationCenterExtension.m in Sources */ = {isa = PBXBuildFile; fileRef = 467CA1D4129A3FBC00437F8D /* NSNotificationCenterExtension.m */; };
		467CA1FD129A3FBC00437F8D /* NSOperationQueueDefaultQueue.m in Sources */ = {isa = PBXBuildFile; fileRef = 467CA1D6129A3FBC00437F8D /* NSOperationQueueDefaultQueue.m */; };
		467CA1FE129A3FBC00437F8D /* UIColorExtension.m in Sources */ = {isa = PBXBuildFile; fileRef = 467CA1D8129A3FBC00437F8D /* UIColorExtension.m */; };
		467CA1FF129A3FBC00437F8D /* cider.strings in Resources */ = {isa = PBXBuildFile; fileRef = 467CA1DA129A3FBC00437F8D /* cider.strings */; };
		467CA200129A3FBC00437F8D /* ISSelectionTableViewController.m in Sources */ = {isa = PBXBuildFile; fileRef = 467CA1DF129A3FBC00437F8D /* ISSelectionTableViewController.m */; };
		467CA201129A3FBC00437F8D /* ISTableViewCell.m in Sources */ = {isa = PBXBuildFile; fileRef = 467CA1E1129A3FBC00437F8D /* ISTableViewCell.m */; };
		467CA202129A3FBC00437F8D /* UITableViewControllerCreation.m in Sources */ = {isa = PBXBuildFile; fileRef = 467CA1E3129A3FBC00437F8D /* UITableViewControllerCreation.m */; };
		467CA203129A3FBC00437F8D /* UIViewControllerCreation.m in Sources */ = {isa = PBXBuildFile; fileRef = 467CA1E5129A3FBC00437F8D /* UIViewControllerCreation.m */; };
/* End PBXBuildFile section */

/* Begin PBXFileReference section */
		1D30AB110D05D00D00671497 /* Foundation.framework */ = {isa = PBXFileReference; lastKnownFileType = wrapper.framework; name = Foundation.framework; path = System/Library/Frameworks/Foundation.framework; sourceTree = SDKROOT; };
		1D3623240D0F684500981E51 /* NSManagedObjectContextSampleAppDelegate.h */ = {isa = PBXFileReference; fileEncoding = 4; lastKnownFileType = sourcecode.c.h; path = NSManagedObjectContextSampleAppDelegate.h; sourceTree = "<group>"; };
		1D3623250D0F684500981E51 /* NSManagedObjectContextSampleAppDelegate.m */ = {isa = PBXFileReference; fileEncoding = 4; lastKnownFileType = sourcecode.c.objc; path = NSManagedObjectContextSampleAppDelegate.m; sourceTree = "<group>"; };
		1D6058910D05DD3D006BFB54 /* NSManagedObjectContextSample.app */ = {isa = PBXFileReference; explicitFileType = wrapper.application; includeInIndex = 0; path = NSManagedObjectContextSample.app; sourceTree = BUILT_PRODUCTS_DIR; };
		1DF5F4DF0D08C38300B7A737 /* UIKit.framework */ = {isa = PBXFileReference; lastKnownFileType = wrapper.framework; name = UIKit.framework; path = System/Library/Frameworks/UIKit.framework; sourceTree = SDKROOT; };
		28860B760F44E54D00985440 /* NSManagedObjectContextSample.xcdatamodel */ = {isa = PBXFileReference; fileEncoding = 4; lastKnownFileType = wrapper.xcdatamodel; path = NSManagedObjectContextSample.xcdatamodel; sourceTree = "<group>"; };
		28860BE40F44EE6400985440 /* CoreData.framework */ = {isa = PBXFileReference; lastKnownFileType = wrapper.framework; name = CoreData.framework; path = System/Library/Frameworks/CoreData.framework; sourceTree = SDKROOT; };
		2892E40F0DC94CBA00A64D0F /* CoreGraphics.framework */ = {isa = PBXFileReference; lastKnownFileType = wrapper.framework; name = CoreGraphics.framework; path = System/Library/Frameworks/CoreGraphics.framework; sourceTree = SDKROOT; };
		2899E55F0DE3E45000AC0155 /* RootViewController.xib */ = {isa = PBXFileReference; lastKnownFileType = file.xib; path = RootViewController.xib; sourceTree = "<group>"; };
		28A0AAE50D9B0CCF005BE974 /* NSManagedObjectContextSample_Prefix.pch */ = {isa = PBXFileReference; fileEncoding = 4; lastKnownFileType = sourcecode.c.h; path = NSManagedObjectContextSample_Prefix.pch; sourceTree = "<group>"; };
		28AD735F0D9D9599002E5188 /* MainWindow.xib */ = {isa = PBXFileReference; lastKnownFileType = file.xib; path = MainWindow.xib; sourceTree = "<group>"; };
		28C286DF0D94DF7D0034E888 /* RootViewController.h */ = {isa = PBXFileReference; fileEncoding = 4; lastKnownFileType = sourcecode.c.h; path = RootViewController.h; sourceTree = "<group>"; };
		28C286E00D94DF7D0034E888 /* RootViewController.m */ = {isa = PBXFileReference; fileEncoding = 4; lastKnownFileType = sourcecode.c.objc; path = RootViewController.m; sourceTree = "<group>"; };
		29B97316FDCFA39411CA2CEA /* main.m */ = {isa = PBXFileReference; fileEncoding = 4; lastKnownFileType = sourcecode.c.objc; path = main.m; sourceTree = "<group>"; };
		4630A5B9102743190081D4BE /* Event.h */ = {isa = PBXFileReference; fileEncoding = 4; lastKnownFileType = sourcecode.c.h; path = Event.h; sourceTree = "<group>"; };
		4630A5BA102743190081D4BE /* Event.m */ = {isa = PBXFileReference; fileEncoding = 4; lastKnownFileType = sourcecode.c.objc; path = Event.m; sourceTree = "<group>"; };
		467CA1A0129A3FBC00437F8D /* Cider.h */ = {isa = PBXFileReference; fileEncoding = 4; lastKnownFileType = sourcecode.c.h; path = Cider.h; sourceTree = "<group>"; };
		467CA1A1129A3FBC00437F8D /* CiderCoreData.h */ = {isa = PBXFileReference; fileEncoding = 4; lastKnownFileType = sourcecode.c.h; path = CiderCoreData.h; sourceTree = "<group>"; };
		467CA1A3129A3FBC00437F8D /* NSErrorCoreDataExtension.h */ = {isa = PBXFileReference; fileEncoding = 4; lastKnownFileType = sourcecode.c.h; path = NSErrorCoreDataExtension.h; sourceTree = "<group>"; };
		467CA1A4129A3FBC00437F8D /* NSErrorCoreDataExtension.m */ = {isa = PBXFileReference; fileEncoding = 4; lastKnownFileType = sourcecode.c.objc; path = NSErrorCoreDataExtension.m; sourceTree = "<group>"; };
		467CA1A6129A3FBC00437F8D /* NSFetchedResultsControllerSortedObject.h */ = {isa = PBXFileReference; fileEncoding = 4; lastKnownFileType = sourcecode.c.h; path = NSFetchedResultsControllerSortedObject.h; sourceTree = "<group>"; };
		467CA1A7129A3FBC00437F8D /* NSFetchedResultsControllerSortedObject.m */ = {isa = PBXFileReference; fileEncoding = 4; lastKnownFileType = sourcecode.c.objc; path = NSFetchedResultsControllerSortedObject.m; sourceTree = "<group>"; };
		467CA1A9129A3FBC00437F8D /* ISFetchRequestCondition.h */ = {isa = PBXFileReference; fileEncoding = 4; lastKnownFileType = sourcecode.c.h; path = ISFetchRequestCondition.h; sourceTree = "<group>"; };
		467CA1AA129A3FBC00437F8D /* ISFetchRequestCondition.m */ = {isa = PBXFileReference; fileEncoding = 4; lastKnownFileType = sourcecode.c.objc; path = ISFetchRequestCondition.m; sourceTree = "<group>"; };
		467CA1AB129A3FBC00437F8D /* NSManagedObjectCallbacks.h */ = {isa = PBXFileReference; fileEncoding = 4; lastKnownFileType = sourcecode.c.h; path = NSManagedObjectCallbacks.h; sourceTree = "<group>"; };
		467CA1AC129A3FBC00437F8D /* NSManagedObjectCallbacks.m */ = {isa = PBXFileReference; fileEncoding = 4; lastKnownFileType = sourcecode.c.objc; path = NSManagedObjectCallbacks.m; sourceTree = "<group>"; };
		467CA1AD129A3FBC00437F8D /* NSManagedObjectCreation.h */ = {isa = PBXFileReference; fileEncoding = 4; lastKnownFileType = sourcecode.c.h; path = NSManagedObjectCreation.h; sourceTree = "<group>"; };
		467CA1AE129A3FBC00437F8D /* NSManagedObjectCreation.m */ = {isa = PBXFileReference; fileEncoding = 4; lastKnownFileType = sourcecode.c.objc; path = NSManagedObjectCreation.m; sourceTree = "<group>"; };
		467CA1AF129A3FBC00437F8D /* NSManagedObjectDisplay.h */ = {isa = PBXFileReference; fileEncoding = 4; lastKnownFileType = sourcecode.c.h; path = NSManagedObjectDisplay.h; sourceTree = "<group>"; };
		467CA1B0129A3FBC00437F8D /* NSManagedObjectDisplay.m */ = {isa = PBXFileReference; fileEncoding = 4; lastKnownFileType = sourcecode.c.objc; path = NSManagedObjectDisplay.m; sourceTree = "<group>"; };
		467CA1B1129A3FBC00437F8D /* NSManagedObjectFetch.h */ = {isa = PBXFileReference; fileEncoding = 4; lastKnownFileType = sourcecode.c.h; path = NSManagedObjectFetch.h; sourceTree = "<group>"; };
		467CA1B2129A3FBC00437F8D /* NSManagedObjectFetch.m */ = {isa = PBXFileReference; fileEncoding = 4; lastKnownFileType = sourcecode.c.objc; path = NSManagedObjectFetch.m; sourceTree = "<group>"; };
		467CA1B3129A3FBC00437F8D /* NSManagedObjectFind.h */ = {isa = PBXFileReference; fileEncoding = 4; lastKnownFileType = sourcecode.c.h; path = NSManagedObjectFind.h; sourceTree = "<group>"; };
		467CA1B4129A3FBC00437F8D /* NSManagedObjectFind.m */ = {isa = PBXFileReference; fileEncoding = 4; lastKnownFileType = sourcecode.c.objc; path = NSManagedObjectFind.m; sourceTree = "<group>"; };
		467CA1B5129A3FBC00437F8D /* NSManagedObjectList.h */ = {isa = PBXFileReference; fileEncoding = 4; lastKnownFileType = sourcecode.c.h; path = NSManagedObjectList.h; sourceTree = "<group>"; };
		467CA1B6129A3FBC00437F8D /* NSManagedObjectList.m */ = {isa = PBXFileReference; fileEncoding = 4; lastKnownFileType = sourcecode.c.objc; path = NSManagedObjectList.m; sourceTree = "<group>"; };
		467CA1B7129A3FBC00437F8D /* NSManagedObjectSerialize.h */ = {isa = PBXFileReference; fileEncoding = 4; lastKnownFileType = sourcecode.c.h; path = NSManagedObjectSerialize.h; sourceTree = "<group>"; };
		467CA1B8129A3FBC00437F8D /* NSManagedObjectSerialize.m */ = {isa = PBXFileReference; fileEncoding = 4; lastKnownFileType = sourcecode.c.objc; path = NSManagedObjectSerialize.m; sourceTree = "<group>"; };
		467CA1BA129A3FBC00437F8D /* NSManagedObjectContextAop.h */ = {isa = PBXFileReference; fileEncoding = 4; lastKnownFileType = sourcecode.c.h; path = NSManagedObjectContextAop.h; sourceTree = "<group>"; };
		467CA1BB129A3FBC00437F8D /* NSManagedObjectContextAop.m */ = {isa = PBXFileReference; fileEncoding = 4; lastKnownFileType = sourcecode.c.objc; path = NSManagedObjectContextAop.m; sourceTree = "<group>"; };
		467CA1BC129A3FBC00437F8D /* NSManagedObjectContextCreation.h */ = {isa = PBXFileReference; fileEncoding = 4; lastKnownFileType = sourcecode.c.h; path = NSManagedObjectContextCreation.h; sourceTree = "<group>"; };
		467CA1BD129A3FBC00437F8D /* NSManagedObjectContextCreation.m */ = {isa = PBXFileReference; fileEncoding = 4; lastKnownFileType = sourcecode.c.objc; path = NSManagedObjectContextCreation.m; sourceTree = "<group>"; };
		467CA1BE129A3FBC00437F8D /* NSManagedObjectContextDefaultContext.h */ = {isa = PBXFileReference; fileEncoding = 4; lastKnownFileType = sourcecode.c.h; path = NSManagedObjectContextDefaultContext.h; sourceTree = "<group>"; };
		467CA1BF129A3FBC00437F8D /* NSManagedObjectContextDefaultContext.m */ = {isa = PBXFileReference; fileEncoding = 4; lastKnownFileType = sourcecode.c.objc; path = NSManagedObjectContextDefaultContext.m; sourceTree = "<group>"; };
		467CA1C0129A3FBC00437F8D /* NSSortDescriptorExtension.h */ = {isa = PBXFileReference; fileEncoding = 4; lastKnownFileType = sourcecode.c.h; path = NSSortDescriptorExtension.h; sourceTree = "<group>"; };
		467CA1C1129A3FBC00437F8D /* NSSortDescriptorExtension.m */ = {isa = PBXFileReference; fileEncoding = 4; lastKnownFileType = sourcecode.c.objc; path = NSSortDescriptorExtension.m; sourceTree = "<group>"; };
		467CA1C3129A3FBC00437F8D /* ISCDDetailedTableViewController.h */ = {isa = PBXFileReference; fileEncoding = 4; lastKnownFileType = sourcecode.c.h; path = ISCDDetailedTableViewController.h; sourceTree = "<group>"; };
		467CA1C4129A3FBC00437F8D /* ISCDDetailedTableViewController.m */ = {isa = PBXFileReference; fileEncoding = 4; lastKnownFileType = sourcecode.c.objc; path = ISCDDetailedTableViewController.m; sourceTree = "<group>"; };
		467CA1C5129A3FBC00437F8D /* ISCDListTableViewController.h */ = {isa = PBXFileReference; fileEncoding = 4; lastKnownFileType = sourcecode.c.h; path = ISCDListTableViewController.h; sourceTree = "<group>"; };
		467CA1C6129A3FBC00437F8D /* ISCDListTableViewController.m */ = {isa = PBXFileReference; fileEncoding = 4; lastKnownFileType = sourcecode.c.objc; path = ISCDListTableViewController.m; sourceTree = "<group>"; };
		467CA1C7129A3FBC00437F8D /* ISDateTimeInputViewController.h */ = {isa = PBXFileReference; fileEncoding = 4; lastKnownFileType = sourcecode.c.h; path = ISDateTimeInputViewController.h; sourceTree = "<group>"; };
		467CA1C8129A3FBC00437F8D /* ISDateTimeInputViewController.m */ = {isa = PBXFileReference; fileEncoding = 4; lastKnownFileType = sourcecode.c.objc; path = ISDateTimeInputViewController.m; sourceTree = "<group>"; };
		467CA1C9129A3FBC00437F8D /* ISDateTimeInputViewController.xib */ = {isa = PBXFileReference; lastKnownFileType = file.xib; path = ISDateTimeInputViewController.xib; sourceTree = "<group>"; };
		467CA1CB129A3FBC00437F8D /* ISProperty.h */ = {isa = PBXFileReference; fileEncoding = 4; lastKnownFileType = sourcecode.c.h; path = ISProperty.h; sourceTree = "<group>"; };
		467CA1CC129A3FBC00437F8D /* ISProperty.m */ = {isa = PBXFileReference; fileEncoding = 4; lastKnownFileType = sourcecode.c.objc; path = ISProperty.m; sourceTree = "<group>"; };
		467CA1CD129A3FBC00437F8D /* ISSectionedArrayController.h */ = {isa = PBXFileReference; fileEncoding = 4; lastKnownFileType = sourcecode.c.h; path = ISSectionedArrayController.h; sourceTree = "<group>"; };
		467CA1CE129A3FBC00437F8D /* ISSectionedArrayController.m */ = {isa = PBXFileReference; fileEncoding = 4; lastKnownFileType = sourcecode.c.objc; path = ISSectionedArrayController.m; sourceTree = "<group>"; };
		467CA1CF129A3FBC00437F8D /* NSDateExtension.h */ = {isa = PBXFileReference; fileEncoding = 4; lastKnownFileType = sourcecode.c.h; path = NSDateExtension.h; sourceTree = "<group>"; };
		467CA1D0129A3FBC00437F8D /* NSDateExtension.m */ = {isa = PBXFileReference; fileEncoding = 4; lastKnownFileType = sourcecode.c.objc; path = NSDateExtension.m; sourceTree = "<group>"; };
		467CA1D1129A3FBC00437F8D /* NSErrorExtension.h */ = {isa = PBXFileReference; fileEncoding = 4; lastKnownFileType = sourcecode.c.h; path = NSErrorExtension.h; sourceTree = "<group>"; };
		467CA1D2129A3FBC00437F8D /* NSErrorExtension.m */ = {isa = PBXFileReference; fileEncoding = 4; lastKnownFileType = sourcecode.c.objc; path = NSErrorExtension.m; sourceTree = "<group>"; };
		467CA1D3129A3FBC00437F8D /* NSNotificationCenterExtension.h */ = {isa = PBXFileReference; fileEncoding = 4; lastKnownFileType = sourcecode.c.h; path = NSNotificationCenterExtension.h; sourceTree = "<group>"; };
		467CA1D4129A3FBC00437F8D /* NSNotificationCenterExtension.m */ = {isa = PBXFileReference; fileEncoding = 4; lastKnownFileType = sourcecode.c.objc; path = NSNotificationCenterExtension.m; sourceTree = "<group>"; };
		467CA1D5129A3FBC00437F8D /* NSOperationQueueDefaultQueue.h */ = {isa = PBXFileReference; fileEncoding = 4; lastKnownFileType = sourcecode.c.h; path = NSOperationQueueDefaultQueue.h; sourceTree = "<group>"; };
		467CA1D6129A3FBC00437F8D /* NSOperationQueueDefaultQueue.m */ = {isa = PBXFileReference; fileEncoding = 4; lastKnownFileType = sourcecode.c.objc; path = NSOperationQueueDefaultQueue.m; sourceTree = "<group>"; };
		467CA1D7129A3FBC00437F8D /* UIColorExtension.h */ = {isa = PBXFileReference; fileEncoding = 4; lastKnownFileType = sourcecode.c.h; path = UIColorExtension.h; sourceTree = "<group>"; };
		467CA1D8129A3FBC00437F8D /* UIColorExtension.m */ = {isa = PBXFileReference; fileEncoding = 4; lastKnownFileType = sourcecode.c.objc; path = UIColorExtension.m; sourceTree = "<group>"; };
		467CA1DB129A3FBC00437F8D /* English */ = {isa = PBXFileReference; fileEncoding = 4; lastKnownFileType = text.plist.strings; name = English; path = English.lproj/cider.strings; sourceTree = "<group>"; };
		467CA1DC129A3FBC00437F8D /* Japanese */ = {isa = PBXFileReference; fileEncoding = 4; lastKnownFileType = text.plist.strings; name = Japanese; path = Japanese.lproj/cider.strings; sourceTree = "<group>"; };
		467CA1DE129A3FBC00437F8D /* ISSelectionTableViewController.h */ = {isa = PBXFileReference; fileEncoding = 4; lastKnownFileType = sourcecode.c.h; path = ISSelectionTableViewController.h; sourceTree = "<group>"; };
		467CA1DF129A3FBC00437F8D /* ISSelectionTableViewController.m */ = {isa = PBXFileReference; fileEncoding = 4; lastKnownFileType = sourcecode.c.objc; path = ISSelectionTableViewController.m; sourceTree = "<group>"; };
		467CA1E0129A3FBC00437F8D /* ISTableViewCell.h */ = {isa = PBXFileReference; fileEncoding = 4; lastKnownFileType = sourcecode.c.h; path = ISTableViewCell.h; sourceTree = "<group>"; };
		467CA1E1129A3FBC00437F8D /* ISTableViewCell.m */ = {isa = PBXFileReference; fileEncoding = 4; lastKnownFileType = sourcecode.c.objc; path = ISTableViewCell.m; sourceTree = "<group>"; };
		467CA1E2129A3FBC00437F8D /* UITableViewControllerCreation.h */ = {isa = PBXFileReference; fileEncoding = 4; lastKnownFileType = sourcecode.c.h; path = UITableViewControllerCreation.h; sourceTree = "<group>"; };
		467CA1E3129A3FBC00437F8D /* UITableViewControllerCreation.m */ = {isa = PBXFileReference; fileEncoding = 4; lastKnownFileType = sourcecode.c.objc; path = UITableViewControllerCreation.m; sourceTree = "<group>"; };
		467CA1E4129A3FBC00437F8D /* UIViewControllerCreation.h */ = {isa = PBXFileReference; fileEncoding = 4; lastKnownFileType = sourcecode.c.h; path = UIViewControllerCreation.h; sourceTree = "<group>"; };
		467CA1E5129A3FBC00437F8D /* UIViewControllerCreation.m */ = {isa = PBXFileReference; fileEncoding = 4; lastKnownFileType = sourcecode.c.objc; path = UIViewControllerCreation.m; sourceTree = "<group>"; };
		8D1107310486CEB800E47090 /* NSManagedObjectContextSample-Info.plist */ = {isa = PBXFileReference; fileEncoding = 4; lastKnownFileType = text.plist.xml; path = "NSManagedObjectContextSample-Info.plist"; plistStructureDefinitionIdentifier = "com.apple.xcode.plist.structure-definition.iphone.info-plist"; sourceTree = "<group>"; };
/* End PBXFileReference section */

/* Begin PBXFrameworksBuildPhase section */
		1D60588F0D05DD3D006BFB54 /* Frameworks */ = {
			isa = PBXFrameworksBuildPhase;
			buildActionMask = 2147483647;
			files = (
				1D60589F0D05DD5A006BFB54 /* Foundation.framework in Frameworks */,
				1DF5F4E00D08C38300B7A737 /* UIKit.framework in Frameworks */,
				2892E4100DC94CBA00A64D0F /* CoreGraphics.framework in Frameworks */,
				28860BE50F44EE6400985440 /* CoreData.framework in Frameworks */,
			);
			runOnlyForDeploymentPostprocessing = 0;
		};
/* End PBXFrameworksBuildPhase section */

/* Begin PBXGroup section */
		080E96DDFE201D6D7F000001 /* Classes */ = {
			isa = PBXGroup;
			children = (
				4630A5B9102743190081D4BE /* Event.h */,
				4630A5BA102743190081D4BE /* Event.m */,
				28C286DF0D94DF7D0034E888 /* RootViewController.h */,
				28C286E00D94DF7D0034E888 /* RootViewController.m */,
				1D3623240D0F684500981E51 /* NSManagedObjectContextSampleAppDelegate.h */,
				1D3623250D0F684500981E51 /* NSManagedObjectContextSampleAppDelegate.m */,
			);
			path = Classes;
			sourceTree = "<group>";
		};
		19C28FACFE9D520D11CA2CBB /* Products */ = {
			isa = PBXGroup;
			children = (
				1D6058910D05DD3D006BFB54 /* NSManagedObjectContextSample.app */,
			);
			name = Products;
			sourceTree = "<group>";
		};
		29B97314FDCFA39411CA2CEA /* CustomTemplate */ = {
			isa = PBXGroup;
			children = (
				467CA19F129A3FBC00437F8D /* cider */,
				080E96DDFE201D6D7F000001 /* Classes */,
				29B97315FDCFA39411CA2CEA /* Other Sources */,
				29B97317FDCFA39411CA2CEA /* Resources */,
				29B97323FDCFA39411CA2CEA /* Frameworks */,
				19C28FACFE9D520D11CA2CBB /* Products */,
			);
			name = CustomTemplate;
			sourceTree = "<group>";
		};
		29B97315FDCFA39411CA2CEA /* Other Sources */ = {
			isa = PBXGroup;
			children = (
				28A0AAE50D9B0CCF005BE974 /* NSManagedObjectContextSample_Prefix.pch */,
				29B97316FDCFA39411CA2CEA /* main.m */,
			);
			name = "Other Sources";
			sourceTree = "<group>";
		};
		29B97317FDCFA39411CA2CEA /* Resources */ = {
			isa = PBXGroup;
			children = (
				28860B760F44E54D00985440 /* NSManagedObjectContextSample.xcdatamodel */,
				2899E55F0DE3E45000AC0155 /* RootViewController.xib */,
				28AD735F0D9D9599002E5188 /* MainWindow.xib */,
				8D1107310486CEB800E47090 /* NSManagedObjectContextSample-Info.plist */,
			);
			name = Resources;
			sourceTree = "<group>";
		};
		29B97323FDCFA39411CA2CEA /* Frameworks */ = {
			isa = PBXGroup;
			children = (
				1DF5F4DF0D08C38300B7A737 /* UIKit.framework */,
				1D30AB110D05D00D00671497 /* Foundation.framework */,
				2892E40F0DC94CBA00A64D0F /* CoreGraphics.framework */,
				28860BE40F44EE6400985440 /* CoreData.framework */,
			);
			name = Frameworks;
			sourceTree = "<group>";
		};
		467CA19F129A3FBC00437F8D /* cider */ = {
			isa = PBXGroup;
			children = (
				467CA1A0129A3FBC00437F8D /* Cider.h */,
				467CA1A1129A3FBC00437F8D /* CiderCoreData.h */,
				467CA1A2129A3FBC00437F8D /* CoreData */,
				467CA1CA129A3FBC00437F8D /* Foundation */,
				467CA1D9129A3FBC00437F8D /* Resources */,
				467CA1DD129A3FBC00437F8D /* UIKit */,
			);
			name = cider;
			path = ../cider_ee0dad5;
			sourceTree = SOURCE_ROOT;
		};
		467CA1A2129A3FBC00437F8D /* CoreData */ = {
			isa = PBXGroup;
			children = (
				467CA1A3129A3FBC00437F8D /* NSErrorCoreDataExtension.h */,
				467CA1A4129A3FBC00437F8D /* NSErrorCoreDataExtension.m */,
				467CA1A5129A3FBC00437F8D /* NSFetchedResultsController */,
				467CA1A8129A3FBC00437F8D /* NSManagedObject */,
				467CA1B9129A3FBC00437F8D /* NSManagedObjectContext */,
				467CA1C0129A3FBC00437F8D /* NSSortDescriptorExtension.h */,
				467CA1C1129A3FBC00437F8D /* NSSortDescriptorExtension.m */,
				467CA1C2129A3FBC00437F8D /* UIKit */,
			);
			path = CoreData;
			sourceTree = "<group>";
		};
		467CA1A5129A3FBC00437F8D /* NSFetchedResultsController */ = {
			isa = PBXGroup;
			children = (
				467CA1A6129A3FBC00437F8D /* NSFetchedResultsControllerSortedObject.h */,
				467CA1A7129A3FBC00437F8D /* NSFetchedResultsControllerSortedObject.m */,
			);
			path = NSFetchedResultsController;
			sourceTree = "<group>";
		};
		467CA1A8129A3FBC00437F8D /* NSManagedObject */ = {
			isa = PBXGroup;
			children = (
				467CA1A9129A3FBC00437F8D /* ISFetchRequestCondition.h */,
				467CA1AA129A3FBC00437F8D /* ISFetchRequestCondition.m */,
				467CA1AB129A3FBC00437F8D /* NSManagedObjectCallbacks.h */,
				467CA1AC129A3FBC00437F8D /* NSManagedObjectCallbacks.m */,
				467CA1AD129A3FBC00437F8D /* NSManagedObjectCreation.h */,
				467CA1AE129A3FBC00437F8D /* NSManagedObjectCreation.m */,
				467CA1AF129A3FBC00437F8D /* NSManagedObjectDisplay.h */,
				467CA1B0129A3FBC00437F8D /* NSManagedObjectDisplay.m */,
				467CA1B1129A3FBC00437F8D /* NSManagedObjectFetch.h */,
				467CA1B2129A3FBC00437F8D /* NSManagedObjectFetch.m */,
				467CA1B3129A3FBC00437F8D /* NSManagedObjectFind.h */,
				467CA1B4129A3FBC00437F8D /* NSManagedObjectFind.m */,
				467CA1B5129A3FBC00437F8D /* NSManagedObjectList.h */,
				467CA1B6129A3FBC00437F8D /* NSManagedObjectList.m */,
				467CA1B7129A3FBC00437F8D /* NSManagedObjectSerialize.h */,
				467CA1B8129A3FBC00437F8D /* NSManagedObjectSerialize.m */,
			);
			path = NSManagedObject;
			sourceTree = "<group>";
		};
		467CA1B9129A3FBC00437F8D /* NSManagedObjectContext */ = {
			isa = PBXGroup;
			children = (
				467CA1BA129A3FBC00437F8D /* NSManagedObjectContextAop.h */,
				467CA1BB129A3FBC00437F8D /* NSManagedObjectContextAop.m */,
				467CA1BC129A3FBC00437F8D /* NSManagedObjectContextCreation.h */,
				467CA1BD129A3FBC00437F8D /* NSManagedObjectContextCreation.m */,
				467CA1BE129A3FBC00437F8D /* NSManagedObjectContextDefaultContext.h */,
				467CA1BF129A3FBC00437F8D /* NSManagedObjectContextDefaultContext.m */,
			);
			path = NSManagedObjectContext;
			sourceTree = "<group>";
		};
		467CA1C2129A3FBC00437F8D /* UIKit */ = {
			isa = PBXGroup;
			children = (
				467CA1C3129A3FBC00437F8D /* ISCDDetailedTableViewController.h */,
				467CA1C4129A3FBC00437F8D /* ISCDDetailedTableViewController.m */,
				467CA1C5129A3FBC00437F8D /* ISCDListTableViewController.h */,
				467CA1C6129A3FBC00437F8D /* ISCDListTableViewController.m */,
				467CA1C7129A3FBC00437F8D /* ISDateTimeInputViewController.h */,
				467CA1C8129A3FBC00437F8D /* ISDateTimeInputViewController.m */,
				467CA1C9129A3FBC00437F8D /* ISDateTimeInputViewController.xib */,
			);
			path = UIKit;
			sourceTree = "<group>";
		};
		467CA1CA129A3FBC00437F8D /* Foundation */ = {
			isa = PBXGroup;
			children = (
				467CA1CB129A3FBC00437F8D /* ISProperty.h */,
				467CA1CC129A3FBC00437F8D /* ISProperty.m */,
				467CA1CD129A3FBC00437F8D /* ISSectionedArrayController.h */,
				467CA1CE129A3FBC00437F8D /* ISSectionedArrayController.m */,
				467CA1CF129A3FBC00437F8D /* NSDateExtension.h */,
				467CA1D0129A3FBC00437F8D /* NSDateExtension.m */,
				467CA1D1129A3FBC00437F8D /* NSErrorExtension.h */,
				467CA1D2129A3FBC00437F8D /* NSErrorExtension.m */,
				467CA1D3129A3FBC00437F8D /* NSNotificationCenterExtension.h */,
				467CA1D4129A3FBC00437F8D /* NSNotificationCenterExtension.m */,
				467CA1D5129A3FBC00437F8D /* NSOperationQueueDefaultQueue.h */,
				467CA1D6129A3FBC00437F8D /* NSOperationQueueDefaultQueue.m */,
				467CA1D7129A3FBC00437F8D /* UIColorExtension.h */,
				467CA1D8129A3FBC00437F8D /* UIColorExtension.m */,
			);
			path = Foundation;
			sourceTree = "<group>";
		};
		467CA1D9129A3FBC00437F8D /* Resources */ = {
			isa = PBXGroup;
			children = (
				467CA1DA129A3FBC00437F8D /* cider.strings */,
			);
			path = Resources;
			sourceTree = "<group>";
		};
		467CA1DD129A3FBC00437F8D /* UIKit */ = {
			isa = PBXGroup;
			children = (
				467CA1DE129A3FBC00437F8D /* ISSelectionTableViewController.h */,
				467CA1DF129A3FBC00437F8D /* ISSelectionTableViewController.m */,
				467CA1E0129A3FBC00437F8D /* ISTableViewCell.h */,
				467CA1E1129A3FBC00437F8D /* ISTableViewCell.m */,
				467CA1E2129A3FBC00437F8D /* UITableViewControllerCreation.h */,
				467CA1E3129A3FBC00437F8D /* UITableViewControllerCreation.m */,
				467CA1E4129A3FBC00437F8D /* UIViewControllerCreation.h */,
				467CA1E5129A3FBC00437F8D /* UIViewControllerCreation.m */,
			);
			path = UIKit;
			sourceTree = "<group>";
		};
/* End PBXGroup section */

/* Begin PBXNativeTarget section */
		1D6058900D05DD3D006BFB54 /* NSManagedObjectContextSample */ = {
			isa = PBXNativeTarget;
			buildConfigurationList = 1D6058960D05DD3E006BFB54 /* Build configuration list for PBXNativeTarget "NSManagedObjectContextSample" */;
			buildPhases = (
				1D60588D0D05DD3D006BFB54 /* Resources */,
				1D60588E0D05DD3D006BFB54 /* Sources */,
				1D60588F0D05DD3D006BFB54 /* Frameworks */,
			);
			buildRules = (
			);
			dependencies = (
			);
			name = NSManagedObjectContextSample;
			productName = NSManagedObjectContextSample;
			productReference = 1D6058910D05DD3D006BFB54 /* NSManagedObjectContextSample.app */;
			productType = "com.apple.product-type.application";
		};
/* End PBXNativeTarget section */

/* Begin PBXProject section */
		29B97313FDCFA39411CA2CEA /* Project object */ = {
			isa = PBXProject;
			buildConfigurationList = C01FCF4E08A954540054247B /* Build configuration list for PBXProject "NSManagedObjectContextSample" */;
			compatibilityVersion = "Xcode 3.1";
			developmentRegion = English;
			hasScannedForEncodings = 1;
			knownRegions = (
				English,
				Japanese,
				French,
				German,
				en,
			);
			mainGroup = 29B97314FDCFA39411CA2CEA /* CustomTemplate */;
			projectDirPath = "";
			projectRoot = "";
			targets = (
				1D6058900D05DD3D006BFB54 /* NSManagedObjectContextSample */,
			);
		};
/* End PBXProject section */

/* Begin PBXResourcesBuildPhase section */
		1D60588D0D05DD3D006BFB54 /* Resources */ = {
			isa = PBXResourcesBuildPhase;
			buildActionMask = 2147483647;
			files = (
				28AD73600D9D9599002E5188 /* MainWindow.xib in Resources */,
				2899E5600DE3E45000AC0155 /* RootViewController.xib in Resources */,
				467CA1F7129A3FBC00437F8D /* ISDateTimeInputViewController.xib in Resources */,
				467CA1FF129A3FBC00437F8D /* cider.strings in Resources */,
			);
			runOnlyForDeploymentPostprocessing = 0;
		};
/* End PBXResourcesBuildPhase section */

/* Begin PBXSourcesBuildPhase section */
		1D60588E0D05DD3D006BFB54 /* Sources */ = {
			isa = PBXSourcesBuildPhase;
			buildActionMask = 2147483647;
			files = (
				1D60589B0D05DD56006BFB54 /* main.m in Sources */,
				1D3623260D0F684500981E51 /* NSManagedObjectContextSampleAppDelegate.m in Sources */,
				28C286E10D94DF7D0034E888 /* RootViewController.m in Sources */,
				28860B770F44E54D00985440 /* NSManagedObjectContextSample.xcdatamodel in Sources */,
				4630A5BB102743190081D4BE /* Event.m in Sources */,
				467CA1E6129A3FBC00437F8D /* NSErrorCoreDataExtension.m in Sources */,
				467CA1E7129A3FBC00437F8D /* NSFetchedResultsControllerSortedObject.m in Sources */,
				467CA1E8129A3FBC00437F8D /* ISFetchRequestCondition.m in Sources */,
				467CA1E9129A3FBC00437F8D /* NSManagedObjectCallbacks.m in Sources */,
				467CA1EA129A3FBC00437F8D /* NSManagedObjectCreation.m in Sources */,
				467CA1EB129A3FBC00437F8D /* NSManagedObjectDisplay.m in Sources */,
				467CA1EC129A3FBC00437F8D /* NSManagedObjectFetch.m in Sources */,
				467CA1ED129A3FBC00437F8D /* NSManagedObjectFind.m in Sources */,
				467CA1EE129A3FBC00437F8D /* NSManagedObjectList.m in Sources */,
				467CA1EF129A3FBC00437F8D /* NSManagedObjectSerialize.m in Sources */,
				467CA1F0129A3FBC00437F8D /* NSManagedObjectContextAop.m in Sources */,
				467CA1F1129A3FBC00437F8D /* NSManagedObjectContextCreation.m in Sources */,
				467CA1F2129A3FBC00437F8D /* NSManagedObjectContextDefaultContext.m in Sources */,
				467CA1F3129A3FBC00437F8D /* NSSortDescriptorExtension.m in Sources */,
				467CA1F4129A3FBC00437F8D /* ISCDDetailedTableViewController.m in Sources */,
				467CA1F5129A3FBC00437F8D /* ISCDListTableViewController.m in Sources */,
				467CA1F6129A3FBC00437F8D /* ISDateTimeInputViewController.m in Sources */,
				467CA1F8129A3FBC00437F8D /* ISProperty.m in Sources */,
				467CA1F9129A3FBC00437F8D /* ISSectionedArrayController.m in Sources */,
				467CA1FA129A3FBC00437F8D /* NSDateExtension.m in Sources */,
				467CA1FB129A3FBC00437F8D /* NSErrorExtension.m in Sources */,
				467CA1FC129A3FBC00437F8D /* NSNotificationCenterExtension.m in Sources */,
				467CA1FD129A3FBC00437F8D /* NSOperationQueueDefaultQueue.m in Sources */,
				467CA1FE129A3FBC00437F8D /* UIColorExtension.m in Sources */,
				467CA200129A3FBC00437F8D /* ISSelectionTableViewController.m in Sources */,
				467CA201129A3FBC00437F8D /* ISTableViewCell.m in Sources */,
				467CA202129A3FBC00437F8D /* UITableViewControllerCreation.m in Sources */,
				467CA203129A3FBC00437F8D /* UIViewControllerCreation.m in Sources */,
			);
			runOnlyForDeploymentPostprocessing = 0;
		};
/* End PBXSourcesBuildPhase section */

/* Begin PBXVariantGroup section */
		467CA1DA129A3FBC00437F8D /* cider.strings */ = {
			isa = PBXVariantGroup;
			children = (
				467CA1DB129A3FBC00437F8D /* English */,
				467CA1DC129A3FBC00437F8D /* Japanese */,
			);
			name = cider.strings;
			sourceTree = "<group>";
		};
/* End PBXVariantGroup section */

/* Begin XCBuildConfiguration section */
		1D6058940D05DD3E006BFB54 /* Debug */ = {
			isa = XCBuildConfiguration;
			buildSettings = {
				ALWAYS_SEARCH_USER_PATHS = NO;
				COPY_PHASE_STRIP = NO;
				GCC_DYNAMIC_NO_PIC = NO;
				GCC_OPTIMIZATION_LEVEL = 0;
				GCC_PRECOMPILE_PREFIX_HEADER = YES;
				GCC_PREFIX_HEADER = NSManagedObjectContextSample_Prefix.pch;
				INFOPLIST_FILE = "NSManagedObjectContextSample-Info.plist";
				IPHONEOS_DEPLOYMENT_TARGET = 3.0;
				PRODUCT_NAME = NSManagedObjectContextSample;
				SDKROOT = iphoneos4.1;
			};
			name = Debug;
		};
		1D6058950D05DD3E006BFB54 /* Release */ = {
			isa = XCBuildConfiguration;
			buildSettings = {
				ALWAYS_SEARCH_USER_PATHS = NO;
				COPY_PHASE_STRIP = YES;
				GCC_PRECOMPILE_PREFIX_HEADER = YES;
				GCC_PREFIX_HEADER = NSManagedObjectContextSample_Prefix.pch;
				INFOPLIST_FILE = "NSManagedObjectContextSample-Info.plist";
				PRODUCT_NAME = NSManagedObjectContextSample;
			};
			name = Release;
		};
		C01FCF4F08A954540054247B /* Debug */ = {
			isa = XCBuildConfiguration;
			buildSettings = {
				ARCHS = "$(ARCHS_STANDARD_32_BIT)";
				"CODE_SIGN_IDENTITY[sdk=iphoneos*]" = "iPhone Developer";
				GCC_C_LANGUAGE_STANDARD = c99;
				GCC_WARN_ABOUT_RETURN_TYPE = YES;
				GCC_WARN_UNUSED_VARIABLE = YES;
				PREBINDING = NO;
				SDKROOT = iphoneos4.1;
			};
			name = Debug;
		};
		C01FCF5008A954540054247B /* Release */ = {
			isa = XCBuildConfiguration;
			buildSettings = {
				ARCHS = "$(ARCHS_STANDARD_32_BIT)";
				"CODE_SIGN_IDENTITY[sdk=iphoneos*]" = "iPhone Developer";
				GCC_C_LANGUAGE_STANDARD = c99;
				GCC_WARN_ABOUT_RETURN_TYPE = YES;
				GCC_WARN_UNUSED_VARIABLE = YES;
				PREBINDING = NO;
				SDKROOT = iphoneos4.1;
			};
			name = Release;
		};
/* End XCBuildConfiguration section */

/* Begin XCConfigurationList section */
		1D6058960D05DD3E006BFB54 /* Build configuration list for PBXNativeTarget "NSManagedObjectContextSample" */ = {
			isa = XCConfigurationList;
			buildConfigurations = (
				1D6058940D05DD3E006BFB54 /* Debug */,
				1D6058950D05DD3E006BFB54 /* Release */,
			);
			defaultConfigurationIsVisible = 0;
			defaultConfigurationName = Release;
		};
		C01FCF4E08A954540054247B /* Build configuration list for PBXProject "NSManagedObjectContextSample" */ = {
			isa = XCConfigurationList;
			buildConfigurations = (
				C01FCF4F08A954540054247B /* Debug */,
				C01FCF5008A954540054247B /* Release */,
			);
			defaultConfigurationIsVisible = 0;
			defaultConfigurationName = Release;
		};
/* End XCConfigurationList section */
	};
	rootObject = 29B97313FDCFA39411CA2CEA /* Project object */;
}
