// !$*UTF8*$!
{
	archiveVersion = 1;
	classes = {
	};
	objectVersion = 45;
	objects = {

/* Begin PBXBuildFile section */
		1D3623260D0F684500981E51 /* NSManagedObjectContextSampleAppDelegate.m in Sources */ = {isa = PBXBuildFile; fileRef = 1D3623250D0F684500981E51 /* NSManagedObjectContextSampleAppDelegate.m */; };
		1D60589B0D05DD56006BFB54 /* main.m in Sources */ = {isa = PBXBuildFile; fileRef = 29B97316FDCFA39411CA2CEA /* main.m */; };
		1D60589F0D05DD5A006BFB54 /* Foundation.framework in Frameworks */ = {isa = PBXBuildFile; fileRef = 1D30AB110D05D00D00671497 /* Foundation.framework */; };
		1DF5F4E00D08C38300B7A737 /* UIKit.framework in Frameworks */ = {isa = PBXBuildFile; fileRef = 1DF5F4DF0D08C38300B7A737 /* UIKit.framework */; };
		28860B770F44E54D00985440 /* NSManagedObjectContextSample.xcdatamodel in Sources */ = {isa = PBXBuildFile; fileRef = 28860B760F44E54D00985440 /* NSManagedObjectContextSample.xcdatamodel */; };
		28860BE50F44EE6400985440 /* CoreData.framework in Frameworks */ = {isa = PBXBuildFile; fileRef = 28860BE40F44EE6400985440 /* CoreData.framework */; };
		2892E4100DC94CBA00A64D0F /* CoreGraphics.framework in Frameworks */ = {isa = PBXBuildFile; fileRef = 2892E40F0DC94CBA00A64D0F /* CoreGraphics.framework */; };
		2899E5600DE3E45000AC0155 /* RootViewController.xib in Resources */ = {isa = PBXBuildFile; fileRef = 2899E55F0DE3E45000AC0155 /* RootViewController.xib */; };
		28AD73600D9D9599002E5188 /* MainWindow.xib in Resources */ = {isa = PBXBuildFile; fileRef = 28AD735F0D9D9599002E5188 /* MainWindow.xib */; };
		28C286E10D94DF7D0034E888 /* RootViewController.m in Sources */ = {isa = PBXBuildFile; fileRef = 28C286E00D94DF7D0034E888 /* RootViewController.m */; };
		4630A5BB102743190081D4BE /* Event.m in Sources */ = {isa = PBXBuildFile; fileRef = 4630A5BA102743190081D4BE /* Event.m */; };
		469B12B01032604C00025C80 /* NSErrorCoreDataExtension.m in Sources */ = {isa = PBXBuildFile; fileRef = 469B12921032604C00025C80 /* NSErrorCoreDataExtension.m */; };
		469B12B11032604C00025C80 /* NSFetchedResultsControllerSortedObject.m in Sources */ = {isa = PBXBuildFile; fileRef = 469B12951032604C00025C80 /* NSFetchedResultsControllerSortedObject.m */; };
		469B12B21032604C00025C80 /* ISFetchRequestCondition.m in Sources */ = {isa = PBXBuildFile; fileRef = 469B12981032604C00025C80 /* ISFetchRequestCondition.m */; };
		469B12B31032604C00025C80 /* NSManagedObjectCreation.m in Sources */ = {isa = PBXBuildFile; fileRef = 469B129A1032604C00025C80 /* NSManagedObjectCreation.m */; };
		469B12B41032604C00025C80 /* NSManagedObjectFetch.m in Sources */ = {isa = PBXBuildFile; fileRef = 469B129C1032604C00025C80 /* NSManagedObjectFetch.m */; };
		469B12B51032604C00025C80 /* NSManagedObjectFind.m in Sources */ = {isa = PBXBuildFile; fileRef = 469B129E1032604C00025C80 /* NSManagedObjectFind.m */; };
		469B12B61032604C00025C80 /* NSManagedObjectContextCreation.m in Sources */ = {isa = PBXBuildFile; fileRef = 469B12A11032604C00025C80 /* NSManagedObjectContextCreation.m */; };
		469B12B71032604C00025C80 /* NSManagedObjectContextDefaultContext.m in Sources */ = {isa = PBXBuildFile; fileRef = 469B12A31032604C00025C80 /* NSManagedObjectContextDefaultContext.m */; };
		469B12B81032604C00025C80 /* NSSortDescriptorExtension.m in Sources */ = {isa = PBXBuildFile; fileRef = 469B12A51032604C00025C80 /* NSSortDescriptorExtension.m */; };
		469B12B91032604C00025C80 /* NSErrorExtension.m in Sources */ = {isa = PBXBuildFile; fileRef = 469B12A81032604C00025C80 /* NSErrorExtension.m */; };
		469B12BA1032604C00025C80 /* cider.strings in Resources */ = {isa = PBXBuildFile; fileRef = 469B12AA1032604C00025C80 /* cider.strings */; };
		469B12BB1032604C00025C80 /* ISTableViewCell.m in Sources */ = {isa = PBXBuildFile; fileRef = 469B12AF1032604C00025C80 /* ISTableViewCell.m */; };
/* End PBXBuildFile section */

/* Begin PBXFileReference section */
		1D30AB110D05D00D00671497 /* Foundation.framework */ = {isa = PBXFileReference; lastKnownFileType = wrapper.framework; name = Foundation.framework; path = System/Library/Frameworks/Foundation.framework; sourceTree = SDKROOT; };
		1D3623240D0F684500981E51 /* NSManagedObjectContextSampleAppDelegate.h */ = {isa = PBXFileReference; fileEncoding = 4; lastKnownFileType = sourcecode.c.h; path = NSManagedObjectContextSampleAppDelegate.h; sourceTree = "<group>"; };
		1D3623250D0F684500981E51 /* NSManagedObjectContextSampleAppDelegate.m */ = {isa = PBXFileReference; fileEncoding = 4; lastKnownFileType = sourcecode.c.objc; path = NSManagedObjectContextSampleAppDelegate.m; sourceTree = "<group>"; };
		1D6058910D05DD3D006BFB54 /* NSManagedObjectContextSample.app */ = {isa = PBXFileReference; explicitFileType = wrapper.application; includeInIndex = 0; path = NSManagedObjectContextSample.app; sourceTree = BUILT_PRODUCTS_DIR; };
		1DF5F4DF0D08C38300B7A737 /* UIKit.framework */ = {isa = PBXFileReference; lastKnownFileType = wrapper.framework; name = UIKit.framework; path = System/Library/Frameworks/UIKit.framework; sourceTree = SDKROOT; };
		28860B760F44E54D00985440 /* NSManagedObjectContextSample.xcdatamodel */ = {isa = PBXFileReference; fileEncoding = 4; lastKnownFileType = wrapper.xcdatamodel; path = NSManagedObjectContextSample.xcdatamodel; sourceTree = "<group>"; };
		28860BE40F44EE6400985440 /* CoreData.framework */ = {isa = PBXFileReference; lastKnownFileType = wrapper.framework; name = CoreData.framework; path = System/Library/Frameworks/CoreData.framework; sourceTree = SDKROOT; };
		2892E40F0DC94CBA00A64D0F /* CoreGraphics.framework */ = {isa = PBXFileReference; lastKnownFileType = wrapper.framework; name = CoreGraphics.framework; path = System/Library/Frameworks/CoreGraphics.framework; sourceTree = SDKROOT; };
		2899E55F0DE3E45000AC0155 /* RootViewController.xib */ = {isa = PBXFileReference; lastKnownFileType = file.xib; path = RootViewController.xib; sourceTree = "<group>"; };
		28A0AAE50D9B0CCF005BE974 /* NSManagedObjectContextSample_Prefix.pch */ = {isa = PBXFileReference; fileEncoding = 4; lastKnownFileType = sourcecode.c.h; path = NSManagedObjectContextSample_Prefix.pch; sourceTree = "<group>"; };
		28AD735F0D9D9599002E5188 /* MainWindow.xib */ = {isa = PBXFileReference; lastKnownFileType = file.xib; path = MainWindow.xib; sourceTree = "<group>"; };
		28C286DF0D94DF7D0034E888 /* RootViewController.h */ = {isa = PBXFileReference; fileEncoding = 4; lastKnownFileType = sourcecode.c.h; path = RootViewController.h; sourceTree = "<group>"; };
		28C286E00D94DF7D0034E888 /* RootViewController.m */ = {isa = PBXFileReference; fileEncoding = 4; lastKnownFileType = sourcecode.c.objc; path = RootViewController.m; sourceTree = "<group>"; };
		29B97316FDCFA39411CA2CEA /* main.m */ = {isa = PBXFileReference; fileEncoding = 4; lastKnownFileType = sourcecode.c.objc; path = main.m; sourceTree = "<group>"; };
		4630A5B9102743190081D4BE /* Event.h */ = {isa = PBXFileReference; fileEncoding = 4; lastKnownFileType = sourcecode.c.h; path = Event.h; sourceTree = "<group>"; };
		4630A5BA102743190081D4BE /* Event.m */ = {isa = PBXFileReference; fileEncoding = 4; lastKnownFileType = sourcecode.c.objc; path = Event.m; sourceTree = "<group>"; };
		469B128E1032604C00025C80 /* Cider.h */ = {isa = PBXFileReference; fileEncoding = 4; lastKnownFileType = sourcecode.c.h; path = Cider.h; sourceTree = "<group>"; };
		469B128F1032604C00025C80 /* CiderCoreData.h */ = {isa = PBXFileReference; fileEncoding = 4; lastKnownFileType = sourcecode.c.h; path = CiderCoreData.h; sourceTree = "<group>"; };
		469B12911032604C00025C80 /* NSErrorCoreDataExtension.h */ = {isa = PBXFileReference; fileEncoding = 4; lastKnownFileType = sourcecode.c.h; path = NSErrorCoreDataExtension.h; sourceTree = "<group>"; };
		469B12921032604C00025C80 /* NSErrorCoreDataExtension.m */ = {isa = PBXFileReference; fileEncoding = 4; lastKnownFileType = sourcecode.c.objc; path = NSErrorCoreDataExtension.m; sourceTree = "<group>"; };
		469B12941032604C00025C80 /* NSFetchedResultsControllerSortedObject.h */ = {isa = PBXFileReference; fileEncoding = 4; lastKnownFileType = sourcecode.c.h; path = NSFetchedResultsControllerSortedObject.h; sourceTree = "<group>"; };
		469B12951032604C00025C80 /* NSFetchedResultsControllerSortedObject.m */ = {isa = PBXFileReference; fileEncoding = 4; lastKnownFileType = sourcecode.c.objc; path = NSFetchedResultsControllerSortedObject.m; sourceTree = "<group>"; };
		469B12971032604C00025C80 /* ISFetchRequestCondition.h */ = {isa = PBXFileReference; fileEncoding = 4; lastKnownFileType = sourcecode.c.h; path = ISFetchRequestCondition.h; sourceTree = "<group>"; };
		469B12981032604C00025C80 /* ISFetchRequestCondition.m */ = {isa = PBXFileReference; fileEncoding = 4; lastKnownFileType = sourcecode.c.objc; path = ISFetchRequestCondition.m; sourceTree = "<group>"; };
		469B12991032604C00025C80 /* NSManagedObjectCreation.h */ = {isa = PBXFileReference; fileEncoding = 4; lastKnownFileType = sourcecode.c.h; path = NSManagedObjectCreation.h; sourceTree = "<group>"; };
		469B129A1032604C00025C80 /* NSManagedObjectCreation.m */ = {isa = PBXFileReference; fileEncoding = 4; lastKnownFileType = sourcecode.c.objc; path = NSManagedObjectCreation.m; sourceTree = "<group>"; };
		469B129B1032604C00025C80 /* NSManagedObjectFetch.h */ = {isa = PBXFileReference; fileEncoding = 4; lastKnownFileType = sourcecode.c.h; path = NSManagedObjectFetch.h; sourceTree = "<group>"; };
		469B129C1032604C00025C80 /* NSManagedObjectFetch.m */ = {isa = PBXFileReference; fileEncoding = 4; lastKnownFileType = sourcecode.c.objc; path = NSManagedObjectFetch.m; sourceTree = "<group>"; };
		469B129D1032604C00025C80 /* NSManagedObjectFind.h */ = {isa = PBXFileReference; fileEncoding = 4; lastKnownFileType = sourcecode.c.h; path = NSManagedObjectFind.h; sourceTree = "<group>"; };
		469B129E1032604C00025C80 /* NSManagedObjectFind.m */ = {isa = PBXFileReference; fileEncoding = 4; lastKnownFileType = sourcecode.c.objc; path = NSManagedObjectFind.m; sourceTree = "<group>"; };
		469B12A01032604C00025C80 /* NSManagedObjectContextCreation.h */ = {isa = PBXFileReference; fileEncoding = 4; lastKnownFileType = sourcecode.c.h; path = NSManagedObjectContextCreation.h; sourceTree = "<group>"; };
		469B12A11032604C00025C80 /* NSManagedObjectContextCreation.m */ = {isa = PBXFileReference; fileEncoding = 4; lastKnownFileType = sourcecode.c.objc; path = NSManagedObjectContextCreation.m; sourceTree = "<group>"; };
		469B12A21032604C00025C80 /* NSManagedObjectContextDefaultContext.h */ = {isa = PBXFileReference; fileEncoding = 4; lastKnownFileType = sourcecode.c.h; path = NSManagedObjectContextDefaultContext.h; sourceTree = "<group>"; };
		469B12A31032604C00025C80 /* NSManagedObjectContextDefaultContext.m */ = {isa = PBXFileReference; fileEncoding = 4; lastKnownFileType = sourcecode.c.objc; path = NSManagedObjectContextDefaultContext.m; sourceTree = "<group>"; };
		469B12A41032604C00025C80 /* NSSortDescriptorExtension.h */ = {isa = PBXFileReference; fileEncoding = 4; lastKnownFileType = sourcecode.c.h; path = NSSortDescriptorExtension.h; sourceTree = "<group>"; };
		469B12A51032604C00025C80 /* NSSortDescriptorExtension.m */ = {isa = PBXFileReference; fileEncoding = 4; lastKnownFileType = sourcecode.c.objc; path = NSSortDescriptorExtension.m; sourceTree = "<group>"; };
		469B12A71032604C00025C80 /* NSErrorExtension.h */ = {isa = PBXFileReference; fileEncoding = 4; lastKnownFileType = sourcecode.c.h; path = NSErrorExtension.h; sourceTree = "<group>"; };
		469B12A81032604C00025C80 /* NSErrorExtension.m */ = {isa = PBXFileReference; fileEncoding = 4; lastKnownFileType = sourcecode.c.objc; path = NSErrorExtension.m; sourceTree = "<group>"; };
		469B12AB1032604C00025C80 /* English */ = {isa = PBXFileReference; fileEncoding = 4; lastKnownFileType = text.plist.strings; name = English; path = English.lproj/cider.strings; sourceTree = "<group>"; };
		469B12AC1032604C00025C80 /* Japanese */ = {isa = PBXFileReference; fileEncoding = 4; lastKnownFileType = text.plist.strings; name = Japanese; path = Japanese.lproj/cider.strings; sourceTree = "<group>"; };
		469B12AE1032604C00025C80 /* ISTableViewCell.h */ = {isa = PBXFileReference; fileEncoding = 4; lastKnownFileType = sourcecode.c.h; path = ISTableViewCell.h; sourceTree = "<group>"; };
		469B12AF1032604C00025C80 /* ISTableViewCell.m */ = {isa = PBXFileReference; fileEncoding = 4; lastKnownFileType = sourcecode.c.objc; path = ISTableViewCell.m; sourceTree = "<group>"; };
		8D1107310486CEB800E47090 /* NSManagedObjectContextSample-Info.plist */ = {isa = PBXFileReference; fileEncoding = 4; lastKnownFileType = text.plist.xml; path = "NSManagedObjectContextSample-Info.plist"; plistStructureDefinitionIdentifier = "com.apple.xcode.plist.structure-definition.iphone.info-plist"; sourceTree = "<group>"; };
/* End PBXFileReference section */

/* Begin PBXFrameworksBuildPhase section */
		1D60588F0D05DD3D006BFB54 /* Frameworks */ = {
			isa = PBXFrameworksBuildPhase;
			buildActionMask = 2147483647;
			files = (
				1D60589F0D05DD5A006BFB54 /* Foundation.framework in Frameworks */,
				1DF5F4E00D08C38300B7A737 /* UIKit.framework in Frameworks */,
				2892E4100DC94CBA00A64D0F /* CoreGraphics.framework in Frameworks */,
				28860BE50F44EE6400985440 /* CoreData.framework in Frameworks */,
			);
			runOnlyForDeploymentPostprocessing = 0;
		};
/* End PBXFrameworksBuildPhase section */

/* Begin PBXGroup section */
		080E96DDFE201D6D7F000001 /* Classes */ = {
			isa = PBXGroup;
			children = (
				4630A5B9102743190081D4BE /* Event.h */,
				4630A5BA102743190081D4BE /* Event.m */,
				28C286DF0D94DF7D0034E888 /* RootViewController.h */,
				28C286E00D94DF7D0034E888 /* RootViewController.m */,
				1D3623240D0F684500981E51 /* NSManagedObjectContextSampleAppDelegate.h */,
				1D3623250D0F684500981E51 /* NSManagedObjectContextSampleAppDelegate.m */,
			);
			path = Classes;
			sourceTree = "<group>";
		};
		19C28FACFE9D520D11CA2CBB /* Products */ = {
			isa = PBXGroup;
			children = (
				1D6058910D05DD3D006BFB54 /* NSManagedObjectContextSample.app */,
			);
			name = Products;
			sourceTree = "<group>";
		};
		29B97314FDCFA39411CA2CEA /* CustomTemplate */ = {
			isa = PBXGroup;
			children = (
				469B128D1032604C00025C80 /* cider */,
				080E96DDFE201D6D7F000001 /* Classes */,
				29B97315FDCFA39411CA2CEA /* Other Sources */,
				29B97317FDCFA39411CA2CEA /* Resources */,
				29B97323FDCFA39411CA2CEA /* Frameworks */,
				19C28FACFE9D520D11CA2CBB /* Products */,
			);
			name = CustomTemplate;
			sourceTree = "<group>";
		};
		29B97315FDCFA39411CA2CEA /* Other Sources */ = {
			isa = PBXGroup;
			children = (
				28A0AAE50D9B0CCF005BE974 /* NSManagedObjectContextSample_Prefix.pch */,
				29B97316FDCFA39411CA2CEA /* main.m */,
			);
			name = "Other Sources";
			sourceTree = "<group>";
		};
		29B97317FDCFA39411CA2CEA /* Resources */ = {
			isa = PBXGroup;
			children = (
				28860B760F44E54D00985440 /* NSManagedObjectContextSample.xcdatamodel */,
				2899E55F0DE3E45000AC0155 /* RootViewController.xib */,
				28AD735F0D9D9599002E5188 /* MainWindow.xib */,
				8D1107310486CEB800E47090 /* NSManagedObjectContextSample-Info.plist */,
			);
			name = Resources;
			sourceTree = "<group>";
		};
		29B97323FDCFA39411CA2CEA /* Frameworks */ = {
			isa = PBXGroup;
			children = (
				1DF5F4DF0D08C38300B7A737 /* UIKit.framework */,
				1D30AB110D05D00D00671497 /* Foundation.framework */,
				2892E40F0DC94CBA00A64D0F /* CoreGraphics.framework */,
				28860BE40F44EE6400985440 /* CoreData.framework */,
			);
			name = Frameworks;
			sourceTree = "<group>";
		};
		469B128D1032604C00025C80 /* cider */ = {
			isa = PBXGroup;
			children = (
				469B128E1032604C00025C80 /* Cider.h */,
				469B128F1032604C00025C80 /* CiderCoreData.h */,
				469B12901032604C00025C80 /* CoreData */,
				469B12A61032604C00025C80 /* Foundation */,
				469B12A91032604C00025C80 /* Resources */,
				469B12AD1032604C00025C80 /* UIKit */,
			);
			name = cider;
			path = ../../cider;
			sourceTree = SOURCE_ROOT;
		};
		469B12901032604C00025C80 /* CoreData */ = {
			isa = PBXGroup;
			children = (
				469B12911032604C00025C80 /* NSErrorCoreDataExtension.h */,
				469B12921032604C00025C80 /* NSErrorCoreDataExtension.m */,
				469B12931032604C00025C80 /* NSFetchedResultsController */,
				469B12961032604C00025C80 /* NSManagedObject */,
				469B129F1032604C00025C80 /* NSManagedObjectContext */,
				469B12A41032604C00025C80 /* NSSortDescriptorExtension.h */,
				469B12A51032604C00025C80 /* NSSortDescriptorExtension.m */,
			);
			path = CoreData;
			sourceTree = "<group>";
		};
		469B12931032604C00025C80 /* NSFetchedResultsController */ = {
			isa = PBXGroup;
			children = (
				469B12941032604C00025C80 /* NSFetchedResultsControllerSortedObject.h */,
				469B12951032604C00025C80 /* NSFetchedResultsControllerSortedObject.m */,
			);
			path = NSFetchedResultsController;
			sourceTree = "<group>";
		};
		469B12961032604C00025C80 /* NSManagedObject */ = {
			isa = PBXGroup;
			children = (
				469B12971032604C00025C80 /* ISFetchRequestCondition.h */,
				469B12981032604C00025C80 /* ISFetchRequestCondition.m */,
				469B12991032604C00025C80 /* NSManagedObjectCreation.h */,
				469B129A1032604C00025C80 /* NSManagedObjectCreation.m */,
				469B129B1032604C00025C80 /* NSManagedObjectFetch.h */,
				469B129C1032604C00025C80 /* NSManagedObjectFetch.m */,
				469B129D1032604C00025C80 /* NSManagedObjectFind.h */,
				469B129E1032604C00025C80 /* NSManagedObjectFind.m */,
			);
			path = NSManagedObject;
			sourceTree = "<group>";
		};
		469B129F1032604C00025C80 /* NSManagedObjectContext */ = {
			isa = PBXGroup;
			children = (
				469B12A01032604C00025C80 /* NSManagedObjectContextCreation.h */,
				469B12A11032604C00025C80 /* NSManagedObjectContextCreation.m */,
				469B12A21032604C00025C80 /* NSManagedObjectContextDefaultContext.h */,
				469B12A31032604C00025C80 /* NSManagedObjectContextDefaultContext.m */,
			);
			path = NSManagedObjectContext;
			sourceTree = "<group>";
		};
		469B12A61032604C00025C80 /* Foundation */ = {
			isa = PBXGroup;
			children = (
				469B12A71032604C00025C80 /* NSErrorExtension.h */,
				469B12A81032604C00025C80 /* NSErrorExtension.m */,
			);
			path = Foundation;
			sourceTree = "<group>";
		};
		469B12A91032604C00025C80 /* Resources */ = {
			isa = PBXGroup;
			children = (
				469B12AA1032604C00025C80 /* cider.strings */,
			);
			path = Resources;
			sourceTree = "<group>";
		};
		469B12AD1032604C00025C80 /* UIKit */ = {
			isa = PBXGroup;
			children = (
				469B12AE1032604C00025C80 /* ISTableViewCell.h */,
				469B12AF1032604C00025C80 /* ISTableViewCell.m */,
			);
			path = UIKit;
			sourceTree = "<group>";
		};
/* End PBXGroup section */

/* Begin PBXNativeTarget section */
		1D6058900D05DD3D006BFB54 /* NSManagedObjectContextSample */ = {
			isa = PBXNativeTarget;
			buildConfigurationList = 1D6058960D05DD3E006BFB54 /* Build configuration list for PBXNativeTarget "NSManagedObjectContextSample" */;
			buildPhases = (
				1D60588D0D05DD3D006BFB54 /* Resources */,
				1D60588E0D05DD3D006BFB54 /* Sources */,
				1D60588F0D05DD3D006BFB54 /* Frameworks */,
			);
			buildRules = (
			);
			dependencies = (
			);
			name = NSManagedObjectContextSample;
			productName = NSManagedObjectContextSample;
			productReference = 1D6058910D05DD3D006BFB54 /* NSManagedObjectContextSample.app */;
			productType = "com.apple.product-type.application";
		};
/* End PBXNativeTarget section */

/* Begin PBXProject section */
		29B97313FDCFA39411CA2CEA /* Project object */ = {
			isa = PBXProject;
			buildConfigurationList = C01FCF4E08A954540054247B /* Build configuration list for PBXProject "NSManagedObjectContextSample" */;
			compatibilityVersion = "Xcode 3.1";
			hasScannedForEncodings = 1;
			knownRegions = (
				English,
				Japanese,
				French,
				German,
				en,
			);
			mainGroup = 29B97314FDCFA39411CA2CEA /* CustomTemplate */;
			projectDirPath = "";
			projectRoot = "";
			targets = (
				1D6058900D05DD3D006BFB54 /* NSManagedObjectContextSample */,
			);
		};
/* End PBXProject section */

/* Begin PBXResourcesBuildPhase section */
		1D60588D0D05DD3D006BFB54 /* Resources */ = {
			isa = PBXResourcesBuildPhase;
			buildActionMask = 2147483647;
			files = (
				28AD73600D9D9599002E5188 /* MainWindow.xib in Resources */,
				2899E5600DE3E45000AC0155 /* RootViewController.xib in Resources */,
				469B12BA1032604C00025C80 /* cider.strings in Resources */,
			);
			runOnlyForDeploymentPostprocessing = 0;
		};
/* End PBXResourcesBuildPhase section */

/* Begin PBXSourcesBuildPhase section */
		1D60588E0D05DD3D006BFB54 /* Sources */ = {
			isa = PBXSourcesBuildPhase;
			buildActionMask = 2147483647;
			files = (
				1D60589B0D05DD56006BFB54 /* main.m in Sources */,
				1D3623260D0F684500981E51 /* NSManagedObjectContextSampleAppDelegate.m in Sources */,
				28C286E10D94DF7D0034E888 /* RootViewController.m in Sources */,
				28860B770F44E54D00985440 /* NSManagedObjectContextSample.xcdatamodel in Sources */,
				4630A5BB102743190081D4BE /* Event.m in Sources */,
				469B12B01032604C00025C80 /* NSErrorCoreDataExtension.m in Sources */,
				469B12B11032604C00025C80 /* NSFetchedResultsControllerSortedObject.m in Sources */,
				469B12B21032604C00025C80 /* ISFetchRequestCondition.m in Sources */,
				469B12B31032604C00025C80 /* NSManagedObjectCreation.m in Sources */,
				469B12B41032604C00025C80 /* NSManagedObjectFetch.m in Sources */,
				469B12B51032604C00025C80 /* NSManagedObjectFind.m in Sources */,
				469B12B61032604C00025C80 /* NSManagedObjectContextCreation.m in Sources */,
				469B12B71032604C00025C80 /* NSManagedObjectContextDefaultContext.m in Sources */,
				469B12B81032604C00025C80 /* NSSortDescriptorExtension.m in Sources */,
				469B12B91032604C00025C80 /* NSErrorExtension.m in Sources */,
				469B12BB1032604C00025C80 /* ISTableViewCell.m in Sources */,
			);
			runOnlyForDeploymentPostprocessing = 0;
		};
/* End PBXSourcesBuildPhase section */

/* Begin PBXVariantGroup section */
		469B12AA1032604C00025C80 /* cider.strings */ = {
			isa = PBXVariantGroup;
			children = (
				469B12AB1032604C00025C80 /* English */,
				469B12AC1032604C00025C80 /* Japanese */,
			);
			name = cider.strings;
			sourceTree = "<group>";
		};
/* End PBXVariantGroup section */

/* Begin XCBuildConfiguration section */
		1D6058940D05DD3E006BFB54 /* Debug */ = {
			isa = XCBuildConfiguration;
			buildSettings = {
				ALWAYS_SEARCH_USER_PATHS = NO;
				COPY_PHASE_STRIP = NO;
				GCC_DYNAMIC_NO_PIC = NO;
				GCC_OPTIMIZATION_LEVEL = 0;
				GCC_PRECOMPILE_PREFIX_HEADER = YES;
				GCC_PREFIX_HEADER = NSManagedObjectContextSample_Prefix.pch;
				INFOPLIST_FILE = "NSManagedObjectContextSample-Info.plist";
				IPHONEOS_DEPLOYMENT_TARGET = 3.0;
				PRODUCT_NAME = NSManagedObjectContextSample;
				SDKROOT = iphoneos3.0;
			};
			name = Debug;
		};
		1D6058950D05DD3E006BFB54 /* Release */ = {
			isa = XCBuildConfiguration;
			buildSettings = {
				ALWAYS_SEARCH_USER_PATHS = NO;
				COPY_PHASE_STRIP = YES;
				GCC_PRECOMPILE_PREFIX_HEADER = YES;
				GCC_PREFIX_HEADER = NSManagedObjectContextSample_Prefix.pch;
				INFOPLIST_FILE = "NSManagedObjectContextSample-Info.plist";
				PRODUCT_NAME = NSManagedObjectContextSample;
			};
			name = Release;
		};
		C01FCF4F08A954540054247B /* Debug */ = {
			isa = XCBuildConfiguration;
			buildSettings = {
				ARCHS = "$(ARCHS_STANDARD_32_BIT)";
				"CODE_SIGN_IDENTITY[sdk=iphoneos*]" = "iPhone Developer";
				GCC_C_LANGUAGE_STANDARD = c99;
				GCC_WARN_ABOUT_RETURN_TYPE = YES;
				GCC_WARN_UNUSED_VARIABLE = YES;
				PREBINDING = NO;
				SDKROOT = iphoneos3.1;
			};
			name = Debug;
		};
		C01FCF5008A954540054247B /* Release */ = {
			isa = XCBuildConfiguration;
			buildSettings = {
				ARCHS = "$(ARCHS_STANDARD_32_BIT)";
				"CODE_SIGN_IDENTITY[sdk=iphoneos*]" = "iPhone Developer";
				GCC_C_LANGUAGE_STANDARD = c99;
				GCC_WARN_ABOUT_RETURN_TYPE = YES;
				GCC_WARN_UNUSED_VARIABLE = YES;
				PREBINDING = NO;
				SDKROOT = iphoneos3.1;
			};
			name = Release;
		};
/* End XCBuildConfiguration section */

/* Begin XCConfigurationList section */
		1D6058960D05DD3E006BFB54 /* Build configuration list for PBXNativeTarget "NSManagedObjectContextSample" */ = {
			isa = XCConfigurationList;
			buildConfigurations = (
				1D6058940D05DD3E006BFB54 /* Debug */,
				1D6058950D05DD3E006BFB54 /* Release */,
			);
			defaultConfigurationIsVisible = 0;
			defaultConfigurationName = Release;
		};
		C01FCF4E08A954540054247B /* Build configuration list for PBXProject "NSManagedObjectContextSample" */ = {
			isa = XCConfigurationList;
			buildConfigurations = (
				C01FCF4F08A954540054247B /* Debug */,
				C01FCF5008A954540054247B /* Release */,
			);
			defaultConfigurationIsVisible = 0;
			defaultConfigurationName = Release;
		};
/* End XCConfigurationList section */
	};
	rootObject = 29B97313FDCFA39411CA2CEA /* Project object */;
}
