// !$*UTF8*$!
{
	archiveVersion = 1;
	classes = {
	};
	objectVersion = 45;
	objects = {

/* Begin PBXBuildFile section */
		1D3623260D0F684500981E51 /* ISCDTableViewControllersSampleAppDelegate.m in Sources */ = {isa = PBXBuildFile; fileRef = 1D3623250D0F684500981E51 /* ISCDTableViewControllersSampleAppDelegate.m */; };
		1D60589B0D05DD56006BFB54 /* main.m in Sources */ = {isa = PBXBuildFile; fileRef = 29B97316FDCFA39411CA2CEA /* main.m */; };
		1D60589F0D05DD5A006BFB54 /* Foundation.framework in Frameworks */ = {isa = PBXBuildFile; fileRef = 1D30AB110D05D00D00671497 /* Foundation.framework */; };
		1DF5F4E00D08C38300B7A737 /* UIKit.framework in Frameworks */ = {isa = PBXBuildFile; fileRef = 1DF5F4DF0D08C38300B7A737 /* UIKit.framework */; };
		28860B770F44E54D00985440 /* ISCDTableViewControllersSample.xcdatamodel in Sources */ = {isa = PBXBuildFile; fileRef = 28860B760F44E54D00985440 /* ISCDTableViewControllersSample.xcdatamodel */; };
		28860BE50F44EE6400985440 /* CoreData.framework in Frameworks */ = {isa = PBXBuildFile; fileRef = 28860BE40F44EE6400985440 /* CoreData.framework */; };
		2892E4100DC94CBA00A64D0F /* CoreGraphics.framework in Frameworks */ = {isa = PBXBuildFile; fileRef = 2892E40F0DC94CBA00A64D0F /* CoreGraphics.framework */; };
		28AD73600D9D9599002E5188 /* MainWindow.xib in Resources */ = {isa = PBXBuildFile; fileRef = 28AD735F0D9D9599002E5188 /* MainWindow.xib */; };
		463DDC63133C08CC00F50E31 /* NSErrorCoreDataExtension.m in Sources */ = {isa = PBXBuildFile; fileRef = 463DDC1B133C08CC00F50E31 /* NSErrorCoreDataExtension.m */; };
		463DDC64133C08CC00F50E31 /* NSFetchedResultsControllerSortedObject.m in Sources */ = {isa = PBXBuildFile; fileRef = 463DDC1E133C08CC00F50E31 /* NSFetchedResultsControllerSortedObject.m */; };
		463DDC65133C08CC00F50E31 /* ISFetchRequestCondition.m in Sources */ = {isa = PBXBuildFile; fileRef = 463DDC21133C08CC00F50E31 /* ISFetchRequestCondition.m */; };
		463DDC66133C08CC00F50E31 /* NSManagedObjectCallbacks.m in Sources */ = {isa = PBXBuildFile; fileRef = 463DDC23133C08CC00F50E31 /* NSManagedObjectCallbacks.m */; };
		463DDC67133C08CC00F50E31 /* NSManagedObjectCreation.m in Sources */ = {isa = PBXBuildFile; fileRef = 463DDC25133C08CC00F50E31 /* NSManagedObjectCreation.m */; };
		463DDC68133C08CC00F50E31 /* NSManagedObjectDisplay.m in Sources */ = {isa = PBXBuildFile; fileRef = 463DDC27133C08CC00F50E31 /* NSManagedObjectDisplay.m */; };
		463DDC69133C08CC00F50E31 /* NSManagedObjectFetch.m in Sources */ = {isa = PBXBuildFile; fileRef = 463DDC29133C08CC00F50E31 /* NSManagedObjectFetch.m */; };
		463DDC6A133C08CC00F50E31 /* NSManagedObjectFind.m in Sources */ = {isa = PBXBuildFile; fileRef = 463DDC2B133C08CC00F50E31 /* NSManagedObjectFind.m */; };
		463DDC6B133C08CC00F50E31 /* NSManagedObjectList.m in Sources */ = {isa = PBXBuildFile; fileRef = 463DDC2D133C08CC00F50E31 /* NSManagedObjectList.m */; };
		463DDC6C133C08CC00F50E31 /* NSManagedObjectSerialize.m in Sources */ = {isa = PBXBuildFile; fileRef = 463DDC2F133C08CC00F50E31 /* NSManagedObjectSerialize.m */; };
		463DDC6D133C08CC00F50E31 /* NSManagedObjectContextAop.m in Sources */ = {isa = PBXBuildFile; fileRef = 463DDC32133C08CC00F50E31 /* NSManagedObjectContextAop.m */; };
		463DDC6E133C08CC00F50E31 /* NSManagedObjectContextCreation.m in Sources */ = {isa = PBXBuildFile; fileRef = 463DDC34133C08CC00F50E31 /* NSManagedObjectContextCreation.m */; };
		463DDC6F133C08CC00F50E31 /* NSManagedObjectContextDefaultContext.m in Sources */ = {isa = PBXBuildFile; fileRef = 463DDC36133C08CC00F50E31 /* NSManagedObjectContextDefaultContext.m */; };
		463DDC70133C08CC00F50E31 /* NSManagedObjectContextSynchronize.m in Sources */ = {isa = PBXBuildFile; fileRef = 463DDC38133C08CC00F50E31 /* NSManagedObjectContextSynchronize.m */; };
		463DDC71133C08CC00F50E31 /* NSSortDescriptorExtension.m in Sources */ = {isa = PBXBuildFile; fileRef = 463DDC3A133C08CC00F50E31 /* NSSortDescriptorExtension.m */; };
		463DDC72133C08CC00F50E31 /* ISCDDetailedTableViewController.m in Sources */ = {isa = PBXBuildFile; fileRef = 463DDC3D133C08CC00F50E31 /* ISCDDetailedTableViewController.m */; };
		463DDC73133C08CC00F50E31 /* ISCDListTableViewController.m in Sources */ = {isa = PBXBuildFile; fileRef = 463DDC3F133C08CC00F50E31 /* ISCDListTableViewController.m */; };
		463DDC74133C08CC00F50E31 /* ISDateTimeInputViewController.m in Sources */ = {isa = PBXBuildFile; fileRef = 463DDC41133C08CC00F50E31 /* ISDateTimeInputViewController.m */; };
		463DDC75133C08CC00F50E31 /* ISDateTimeInputViewController.xib in Resources */ = {isa = PBXBuildFile; fileRef = 463DDC42133C08CC00F50E31 /* ISDateTimeInputViewController.xib */; };
		463DDC76133C08CC00F50E31 /* ISEnvironment.m in Sources */ = {isa = PBXBuildFile; fileRef = 463DDC45133C08CC00F50E31 /* ISEnvironment.m */; };
		463DDC77133C08CC00F50E31 /* ISProperty.m in Sources */ = {isa = PBXBuildFile; fileRef = 463DDC47133C08CC00F50E31 /* ISProperty.m */; };
		463DDC78133C08CC00F50E31 /* ISSectionedArrayController.m in Sources */ = {isa = PBXBuildFile; fileRef = 463DDC49133C08CC00F50E31 /* ISSectionedArrayController.m */; };
		463DDC79133C08CC00F50E31 /* NSDateExtension.m in Sources */ = {isa = PBXBuildFile; fileRef = 463DDC4B133C08CC00F50E31 /* NSDateExtension.m */; };
		463DDC7A133C08CC00F50E31 /* NSDateFormatterPatches.m in Sources */ = {isa = PBXBuildFile; fileRef = 463DDC4D133C08CC00F50E31 /* NSDateFormatterPatches.m */; };
		463DDC7B133C08CC00F50E31 /* NSErrorExtension.m in Sources */ = {isa = PBXBuildFile; fileRef = 463DDC4F133C08CC00F50E31 /* NSErrorExtension.m */; };
		463DDC7C133C08CC00F50E31 /* NSNotificationCenterExtension.m in Sources */ = {isa = PBXBuildFile; fileRef = 463DDC51133C08CC00F50E31 /* NSNotificationCenterExtension.m */; };
		463DDC7D133C08CC00F50E31 /* NSOperationQueueDefaultQueue.m in Sources */ = {isa = PBXBuildFile; fileRef = 463DDC53133C08CC00F50E31 /* NSOperationQueueDefaultQueue.m */; };
		463DDC7E133C08CC00F50E31 /* UIColorExtension.m in Sources */ = {isa = PBXBuildFile; fileRef = 463DDC55133C08CC00F50E31 /* UIColorExtension.m */; };
		463DDC7F133C08CC00F50E31 /* cider.strings in Resources */ = {isa = PBXBuildFile; fileRef = 463DDC57133C08CC00F50E31 /* cider.strings */; };
		463DDC80133C08CC00F50E31 /* ISSelectionTableViewController.m in Sources */ = {isa = PBXBuildFile; fileRef = 463DDC5C133C08CC00F50E31 /* ISSelectionTableViewController.m */; };
		463DDC81133C08CC00F50E31 /* ISTableViewCell.m in Sources */ = {isa = PBXBuildFile; fileRef = 463DDC5E133C08CC00F50E31 /* ISTableViewCell.m */; };
		463DDC82133C08CC00F50E31 /* UITableViewControllerCreation.m in Sources */ = {isa = PBXBuildFile; fileRef = 463DDC60133C08CC00F50E31 /* UITableViewControllerCreation.m */; };
		463DDC83133C08CC00F50E31 /* UIViewControllerCreation.m in Sources */ = {isa = PBXBuildFile; fileRef = 463DDC62133C08CC00F50E31 /* UIViewControllerCreation.m */; };
		469B8BA010555A1A00F59D7E /* ISStudio.m in Sources */ = {isa = PBXBuildFile; fileRef = 469B8B9D10555A1A00F59D7E /* ISStudio.m */; };
		469B8BA110555A1A00F59D7E /* ISMovie.m in Sources */ = {isa = PBXBuildFile; fileRef = 469B8B9F10555A1A00F59D7E /* ISMovie.m */; };
		469B8DBB1055E10800F59D7E /* Localizable.strings in Resources */ = {isa = PBXBuildFile; fileRef = 469B8DBA1055E10800F59D7E /* Localizable.strings */; };
/* End PBXBuildFile section */

/* Begin PBXFileReference section */
		1D30AB110D05D00D00671497 /* Foundation.framework */ = {isa = PBXFileReference; lastKnownFileType = wrapper.framework; name = Foundation.framework; path = System/Library/Frameworks/Foundation.framework; sourceTree = SDKROOT; };
		1D3623240D0F684500981E51 /* ISCDTableViewControllersSampleAppDelegate.h */ = {isa = PBXFileReference; fileEncoding = 4; lastKnownFileType = sourcecode.c.h; path = ISCDTableViewControllersSampleAppDelegate.h; sourceTree = "<group>"; };
		1D3623250D0F684500981E51 /* ISCDTableViewControllersSampleAppDelegate.m */ = {isa = PBXFileReference; fileEncoding = 4; lastKnownFileType = sourcecode.c.objc; path = ISCDTableViewControllersSampleAppDelegate.m; sourceTree = "<group>"; };
		1D6058910D05DD3D006BFB54 /* ISCDTableViewControllersSample.app */ = {isa = PBXFileReference; explicitFileType = wrapper.application; includeInIndex = 0; path = ISCDTableViewControllersSample.app; sourceTree = BUILT_PRODUCTS_DIR; };
		1DF5F4DF0D08C38300B7A737 /* UIKit.framework */ = {isa = PBXFileReference; lastKnownFileType = wrapper.framework; name = UIKit.framework; path = System/Library/Frameworks/UIKit.framework; sourceTree = SDKROOT; };
		28860B760F44E54D00985440 /* ISCDTableViewControllersSample.xcdatamodel */ = {isa = PBXFileReference; fileEncoding = 4; lastKnownFileType = wrapper.xcdatamodel; path = ISCDTableViewControllersSample.xcdatamodel; sourceTree = "<group>"; };
		28860BE40F44EE6400985440 /* CoreData.framework */ = {isa = PBXFileReference; lastKnownFileType = wrapper.framework; name = CoreData.framework; path = System/Library/Frameworks/CoreData.framework; sourceTree = SDKROOT; };
		2892E40F0DC94CBA00A64D0F /* CoreGraphics.framework */ = {isa = PBXFileReference; lastKnownFileType = wrapper.framework; name = CoreGraphics.framework; path = System/Library/Frameworks/CoreGraphics.framework; sourceTree = SDKROOT; };
		28A0AAE50D9B0CCF005BE974 /* ISCDTableViewControllersSample_Prefix.pch */ = {isa = PBXFileReference; fileEncoding = 4; lastKnownFileType = sourcecode.c.h; path = ISCDTableViewControllersSample_Prefix.pch; sourceTree = "<group>"; };
		28AD735F0D9D9599002E5188 /* MainWindow.xib */ = {isa = PBXFileReference; lastKnownFileType = file.xib; path = MainWindow.xib; sourceTree = "<group>"; };
		29B97316FDCFA39411CA2CEA /* main.m */ = {isa = PBXFileReference; fileEncoding = 4; lastKnownFileType = sourcecode.c.objc; path = main.m; sourceTree = "<group>"; };
		463DDC17133C08CC00F50E31 /* Cider.h */ = {isa = PBXFileReference; fileEncoding = 4; lastKnownFileType = sourcecode.c.h; path = Cider.h; sourceTree = "<group>"; };
		463DDC18133C08CC00F50E31 /* CiderCoreData.h */ = {isa = PBXFileReference; fileEncoding = 4; lastKnownFileType = sourcecode.c.h; path = CiderCoreData.h; sourceTree = "<group>"; };
		463DDC1A133C08CC00F50E31 /* NSErrorCoreDataExtension.h */ = {isa = PBXFileReference; fileEncoding = 4; lastKnownFileType = sourcecode.c.h; path = NSErrorCoreDataExtension.h; sourceTree = "<group>"; };
		463DDC1B133C08CC00F50E31 /* NSErrorCoreDataExtension.m */ = {isa = PBXFileReference; fileEncoding = 4; lastKnownFileType = sourcecode.c.objc; path = NSErrorCoreDataExtension.m; sourceTree = "<group>"; };
		463DDC1D133C08CC00F50E31 /* NSFetchedResultsControllerSortedObject.h */ = {isa = PBXFileReference; fileEncoding = 4; lastKnownFileType = sourcecode.c.h; path = NSFetchedResultsControllerSortedObject.h; sourceTree = "<group>"; };
		463DDC1E133C08CC00F50E31 /* NSFetchedResultsControllerSortedObject.m */ = {isa = PBXFileReference; fileEncoding = 4; lastKnownFileType = sourcecode.c.objc; path = NSFetchedResultsControllerSortedObject.m; sourceTree = "<group>"; };
		463DDC20133C08CC00F50E31 /* ISFetchRequestCondition.h */ = {isa = PBXFileReference; fileEncoding = 4; lastKnownFileType = sourcecode.c.h; path = ISFetchRequestCondition.h; sourceTree = "<group>"; };
		463DDC21133C08CC00F50E31 /* ISFetchRequestCondition.m */ = {isa = PBXFileReference; fileEncoding = 4; lastKnownFileType = sourcecode.c.objc; path = ISFetchRequestCondition.m; sourceTree = "<group>"; };
		463DDC22133C08CC00F50E31 /* NSManagedObjectCallbacks.h */ = {isa = PBXFileReference; fileEncoding = 4; lastKnownFileType = sourcecode.c.h; path = NSManagedObjectCallbacks.h; sourceTree = "<group>"; };
		463DDC23133C08CC00F50E31 /* NSManagedObjectCallbacks.m */ = {isa = PBXFileReference; fileEncoding = 4; lastKnownFileType = sourcecode.c.objc; path = NSManagedObjectCallbacks.m; sourceTree = "<group>"; };
		463DDC24133C08CC00F50E31 /* NSManagedObjectCreation.h */ = {isa = PBXFileReference; fileEncoding = 4; lastKnownFileType = sourcecode.c.h; path = NSManagedObjectCreation.h; sourceTree = "<group>"; };
		463DDC25133C08CC00F50E31 /* NSManagedObjectCreation.m */ = {isa = PBXFileReference; fileEncoding = 4; lastKnownFileType = sourcecode.c.objc; path = NSManagedObjectCreation.m; sourceTree = "<group>"; };
		463DDC26133C08CC00F50E31 /* NSManagedObjectDisplay.h */ = {isa = PBXFileReference; fileEncoding = 4; lastKnownFileType = sourcecode.c.h; path = NSManagedObjectDisplay.h; sourceTree = "<group>"; };
		463DDC27133C08CC00F50E31 /* NSManagedObjectDisplay.m */ = {isa = PBXFileReference; fileEncoding = 4; lastKnownFileType = sourcecode.c.objc; path = NSManagedObjectDisplay.m; sourceTree = "<group>"; };
		463DDC28133C08CC00F50E31 /* NSManagedObjectFetch.h */ = {isa = PBXFileReference; fileEncoding = 4; lastKnownFileType = sourcecode.c.h; path = NSManagedObjectFetch.h; sourceTree = "<group>"; };
		463DDC29133C08CC00F50E31 /* NSManagedObjectFetch.m */ = {isa = PBXFileReference; fileEncoding = 4; lastKnownFileType = sourcecode.c.objc; path = NSManagedObjectFetch.m; sourceTree = "<group>"; };
		463DDC2A133C08CC00F50E31 /* NSManagedObjectFind.h */ = {isa = PBXFileReference; fileEncoding = 4; lastKnownFileType = sourcecode.c.h; path = NSManagedObjectFind.h; sourceTree = "<group>"; };
		463DDC2B133C08CC00F50E31 /* NSManagedObjectFind.m */ = {isa = PBXFileReference; fileEncoding = 4; lastKnownFileType = sourcecode.c.objc; path = NSManagedObjectFind.m; sourceTree = "<group>"; };
		463DDC2C133C08CC00F50E31 /* NSManagedObjectList.h */ = {isa = PBXFileReference; fileEncoding = 4; lastKnownFileType = sourcecode.c.h; path = NSManagedObjectList.h; sourceTree = "<group>"; };
		463DDC2D133C08CC00F50E31 /* NSManagedObjectList.m */ = {isa = PBXFileReference; fileEncoding = 4; lastKnownFileType = sourcecode.c.objc; path = NSManagedObjectList.m; sourceTree = "<group>"; };
		463DDC2E133C08CC00F50E31 /* NSManagedObjectSerialize.h */ = {isa = PBXFileReference; fileEncoding = 4; lastKnownFileType = sourcecode.c.h; path = NSManagedObjectSerialize.h; sourceTree = "<group>"; };
		463DDC2F133C08CC00F50E31 /* NSManagedObjectSerialize.m */ = {isa = PBXFileReference; fileEncoding = 4; lastKnownFileType = sourcecode.c.objc; path = NSManagedObjectSerialize.m; sourceTree = "<group>"; };
		463DDC31133C08CC00F50E31 /* NSManagedObjectContextAop.h */ = {isa = PBXFileReference; fileEncoding = 4; lastKnownFileType = sourcecode.c.h; path = NSManagedObjectContextAop.h; sourceTree = "<group>"; };
		463DDC32133C08CC00F50E31 /* NSManagedObjectContextAop.m */ = {isa = PBXFileReference; fileEncoding = 4; lastKnownFileType = sourcecode.c.objc; path = NSManagedObjectContextAop.m; sourceTree = "<group>"; };
		463DDC33133C08CC00F50E31 /* NSManagedObjectContextCreation.h */ = {isa = PBXFileReference; fileEncoding = 4; lastKnownFileType = sourcecode.c.h; path = NSManagedObjectContextCreation.h; sourceTree = "<group>"; };
		463DDC34133C08CC00F50E31 /* NSManagedObjectContextCreation.m */ = {isa = PBXFileReference; fileEncoding = 4; lastKnownFileType = sourcecode.c.objc; path = NSManagedObjectContextCreation.m; sourceTree = "<group>"; };
		463DDC35133C08CC00F50E31 /* NSManagedObjectContextDefaultContext.h */ = {isa = PBXFileReference; fileEncoding = 4; lastKnownFileType = sourcecode.c.h; path = NSManagedObjectContextDefaultContext.h; sourceTree = "<group>"; };
		463DDC36133C08CC00F50E31 /* NSManagedObjectContextDefaultContext.m */ = {isa = PBXFileReference; fileEncoding = 4; lastKnownFileType = sourcecode.c.objc; path = NSManagedObjectContextDefaultContext.m; sourceTree = "<group>"; };
		463DDC37133C08CC00F50E31 /* NSManagedObjectContextSynchronize.h */ = {isa = PBXFileReference; fileEncoding = 4; lastKnownFileType = sourcecode.c.h; path = NSManagedObjectContextSynchronize.h; sourceTree = "<group>"; };
		463DDC38133C08CC00F50E31 /* NSManagedObjectContextSynchronize.m */ = {isa = PBXFileReference; fileEncoding = 4; lastKnownFileType = sourcecode.c.objc; path = NSManagedObjectContextSynchronize.m; sourceTree = "<group>"; };
		463DDC39133C08CC00F50E31 /* NSSortDescriptorExtension.h */ = {isa = PBXFileReference; fileEncoding = 4; lastKnownFileType = sourcecode.c.h; path = NSSortDescriptorExtension.h; sourceTree = "<group>"; };
		463DDC3A133C08CC00F50E31 /* NSSortDescriptorExtension.m */ = {isa = PBXFileReference; fileEncoding = 4; lastKnownFileType = sourcecode.c.objc; path = NSSortDescriptorExtension.m; sourceTree = "<group>"; };
		463DDC3C133C08CC00F50E31 /* ISCDDetailedTableViewController.h */ = {isa = PBXFileReference; fileEncoding = 4; lastKnownFileType = sourcecode.c.h; path = ISCDDetailedTableViewController.h; sourceTree = "<group>"; };
		463DDC3D133C08CC00F50E31 /* ISCDDetailedTableViewController.m */ = {isa = PBXFileReference; fileEncoding = 4; lastKnownFileType = sourcecode.c.objc; path = ISCDDetailedTableViewController.m; sourceTree = "<group>"; };
		463DDC3E133C08CC00F50E31 /* ISCDListTableViewController.h */ = {isa = PBXFileReference; fileEncoding = 4; lastKnownFileType = sourcecode.c.h; path = ISCDListTableViewController.h; sourceTree = "<group>"; };
		463DDC3F133C08CC00F50E31 /* ISCDListTableViewController.m */ = {isa = PBXFileReference; fileEncoding = 4; lastKnownFileType = sourcecode.c.objc; path = ISCDListTableViewController.m; sourceTree = "<group>"; };
		463DDC40133C08CC00F50E31 /* ISDateTimeInputViewController.h */ = {isa = PBXFileReference; fileEncoding = 4; lastKnownFileType = sourcecode.c.h; path = ISDateTimeInputViewController.h; sourceTree = "<group>"; };
		463DDC41133C08CC00F50E31 /* ISDateTimeInputViewController.m */ = {isa = PBXFileReference; fileEncoding = 4; lastKnownFileType = sourcecode.c.objc; path = ISDateTimeInputViewController.m; sourceTree = "<group>"; };
		463DDC42133C08CC00F50E31 /* ISDateTimeInputViewController.xib */ = {isa = PBXFileReference; lastKnownFileType = file.xib; path = ISDateTimeInputViewController.xib; sourceTree = "<group>"; };
		463DDC44133C08CC00F50E31 /* ISEnvironment.h */ = {isa = PBXFileReference; fileEncoding = 4; lastKnownFileType = sourcecode.c.h; path = ISEnvironment.h; sourceTree = "<group>"; };
		463DDC45133C08CC00F50E31 /* ISEnvironment.m */ = {isa = PBXFileReference; fileEncoding = 4; lastKnownFileType = sourcecode.c.objc; path = ISEnvironment.m; sourceTree = "<group>"; };
		463DDC46133C08CC00F50E31 /* ISProperty.h */ = {isa = PBXFileReference; fileEncoding = 4; lastKnownFileType = sourcecode.c.h; path = ISProperty.h; sourceTree = "<group>"; };
		463DDC47133C08CC00F50E31 /* ISProperty.m */ = {isa = PBXFileReference; fileEncoding = 4; lastKnownFileType = sourcecode.c.objc; path = ISProperty.m; sourceTree = "<group>"; };
		463DDC48133C08CC00F50E31 /* ISSectionedArrayController.h */ = {isa = PBXFileReference; fileEncoding = 4; lastKnownFileType = sourcecode.c.h; path = ISSectionedArrayController.h; sourceTree = "<group>"; };
		463DDC49133C08CC00F50E31 /* ISSectionedArrayController.m */ = {isa = PBXFileReference; fileEncoding = 4; lastKnownFileType = sourcecode.c.objc; path = ISSectionedArrayController.m; sourceTree = "<group>"; };
		463DDC4A133C08CC00F50E31 /* NSDateExtension.h */ = {isa = PBXFileReference; fileEncoding = 4; lastKnownFileType = sourcecode.c.h; path = NSDateExtension.h; sourceTree = "<group>"; };
		463DDC4B133C08CC00F50E31 /* NSDateExtension.m */ = {isa = PBXFileReference; fileEncoding = 4; lastKnownFileType = sourcecode.c.objc; path = NSDateExtension.m; sourceTree = "<group>"; };
		463DDC4C133C08CC00F50E31 /* NSDateFormatterPatches.h */ = {isa = PBXFileReference; fileEncoding = 4; lastKnownFileType = sourcecode.c.h; path = NSDateFormatterPatches.h; sourceTree = "<group>"; };
		463DDC4D133C08CC00F50E31 /* NSDateFormatterPatches.m */ = {isa = PBXFileReference; fileEncoding = 4; lastKnownFileType = sourcecode.c.objc; path = NSDateFormatterPatches.m; sourceTree = "<group>"; };
		463DDC4E133C08CC00F50E31 /* NSErrorExtension.h */ = {isa = PBXFileReference; fileEncoding = 4; lastKnownFileType = sourcecode.c.h; path = NSErrorExtension.h; sourceTree = "<group>"; };
		463DDC4F133C08CC00F50E31 /* NSErrorExtension.m */ = {isa = PBXFileReference; fileEncoding = 4; lastKnownFileType = sourcecode.c.objc; path = NSErrorExtension.m; sourceTree = "<group>"; };
		463DDC50133C08CC00F50E31 /* NSNotificationCenterExtension.h */ = {isa = PBXFileReference; fileEncoding = 4; lastKnownFileType = sourcecode.c.h; path = NSNotificationCenterExtension.h; sourceTree = "<group>"; };
		463DDC51133C08CC00F50E31 /* NSNotificationCenterExtension.m */ = {isa = PBXFileReference; fileEncoding = 4; lastKnownFileType = sourcecode.c.objc; path = NSNotificationCenterExtension.m; sourceTree = "<group>"; };
		463DDC52133C08CC00F50E31 /* NSOperationQueueDefaultQueue.h */ = {isa = PBXFileReference; fileEncoding = 4; lastKnownFileType = sourcecode.c.h; path = NSOperationQueueDefaultQueue.h; sourceTree = "<group>"; };
		463DDC53133C08CC00F50E31 /* NSOperationQueueDefaultQueue.m */ = {isa = PBXFileReference; fileEncoding = 4; lastKnownFileType = sourcecode.c.objc; path = NSOperationQueueDefaultQueue.m; sourceTree = "<group>"; };
		463DDC54133C08CC00F50E31 /* UIColorExtension.h */ = {isa = PBXFileReference; fileEncoding = 4; lastKnownFileType = sourcecode.c.h; path = UIColorExtension.h; sourceTree = "<group>"; };
		463DDC55133C08CC00F50E31 /* UIColorExtension.m */ = {isa = PBXFileReference; fileEncoding = 4; lastKnownFileType = sourcecode.c.objc; path = UIColorExtension.m; sourceTree = "<group>"; };
		463DDC58133C08CC00F50E31 /* English */ = {isa = PBXFileReference; fileEncoding = 4; lastKnownFileType = text.plist.strings; name = English; path = English.lproj/cider.strings; sourceTree = "<group>"; };
		463DDC59133C08CC00F50E31 /* Japanese */ = {isa = PBXFileReference; fileEncoding = 4; lastKnownFileType = text.plist.strings; name = Japanese; path = Japanese.lproj/cider.strings; sourceTree = "<group>"; };
		463DDC5B133C08CC00F50E31 /* ISSelectionTableViewController.h */ = {isa = PBXFileReference; fileEncoding = 4; lastKnownFileType = sourcecode.c.h; path = ISSelectionTableViewController.h; sourceTree = "<group>"; };
		463DDC5C133C08CC00F50E31 /* ISSelectionTableViewController.m */ = {isa = PBXFileReference; fileEncoding = 4; lastKnownFileType = sourcecode.c.objc; path = ISSelectionTableViewController.m; sourceTree = "<group>"; };
		463DDC5D133C08CC00F50E31 /* ISTableViewCell.h */ = {isa = PBXFileReference; fileEncoding = 4; lastKnownFileType = sourcecode.c.h; path = ISTableViewCell.h; sourceTree = "<group>"; };
		463DDC5E133C08CC00F50E31 /* ISTableViewCell.m */ = {isa = PBXFileReference; fileEncoding = 4; lastKnownFileType = sourcecode.c.objc; path = ISTableViewCell.m; sourceTree = "<group>"; };
		463DDC5F133C08CC00F50E31 /* UITableViewControllerCreation.h */ = {isa = PBXFileReference; fileEncoding = 4; lastKnownFileType = sourcecode.c.h; path = UITableViewControllerCreation.h; sourceTree = "<group>"; };
		463DDC60133C08CC00F50E31 /* UITableViewControllerCreation.m */ = {isa = PBXFileReference; fileEncoding = 4; lastKnownFileType = sourcecode.c.objc; path = UITableViewControllerCreation.m; sourceTree = "<group>"; };
		463DDC61133C08CC00F50E31 /* UIViewControllerCreation.h */ = {isa = PBXFileReference; fileEncoding = 4; lastKnownFileType = sourcecode.c.h; path = UIViewControllerCreation.h; sourceTree = "<group>"; };
		463DDC62133C08CC00F50E31 /* UIViewControllerCreation.m */ = {isa = PBXFileReference; fileEncoding = 4; lastKnownFileType = sourcecode.c.objc; path = UIViewControllerCreation.m; sourceTree = "<group>"; };
		469B8B9C10555A1A00F59D7E /* ISStudio.h */ = {isa = PBXFileReference; fileEncoding = 4; lastKnownFileType = sourcecode.c.h; path = ISStudio.h; sourceTree = "<group>"; };
		469B8B9D10555A1A00F59D7E /* ISStudio.m */ = {isa = PBXFileReference; fileEncoding = 4; lastKnownFileType = sourcecode.c.objc; path = ISStudio.m; sourceTree = "<group>"; };
		469B8B9E10555A1A00F59D7E /* ISMovie.h */ = {isa = PBXFileReference; fileEncoding = 4; lastKnownFileType = sourcecode.c.h; path = ISMovie.h; sourceTree = "<group>"; };
		469B8B9F10555A1A00F59D7E /* ISMovie.m */ = {isa = PBXFileReference; fileEncoding = 4; lastKnownFileType = sourcecode.c.objc; path = ISMovie.m; sourceTree = "<group>"; };
		469B8DB81055E0E000F59D7E /* English */ = {isa = PBXFileReference; fileEncoding = 10; lastKnownFileType = text.plist.strings; name = English; path = English.lproj/Localizable.strings; sourceTree = "<group>"; };
		469B8DBC1055E11300F59D7E /* Japanese */ = {isa = PBXFileReference; fileEncoding = 10; lastKnownFileType = text.plist.strings; name = Japanese; path = Japanese.lproj/Localizable.strings; sourceTree = "<group>"; };
		8D1107310486CEB800E47090 /* ISCDTableViewControllersSample-Info.plist */ = {isa = PBXFileReference; fileEncoding = 4; lastKnownFileType = text.plist.xml; path = "ISCDTableViewControllersSample-Info.plist"; plistStructureDefinitionIdentifier = "com.apple.xcode.plist.structure-definition.iphone.info-plist"; sourceTree = "<group>"; };
/* End PBXFileReference section */

/* Begin PBXFrameworksBuildPhase section */
		1D60588F0D05DD3D006BFB54 /* Frameworks */ = {
			isa = PBXFrameworksBuildPhase;
			buildActionMask = 2147483647;
			files = (
				1D60589F0D05DD5A006BFB54 /* Foundation.framework in Frameworks */,
				1DF5F4E00D08C38300B7A737 /* UIKit.framework in Frameworks */,
				2892E4100DC94CBA00A64D0F /* CoreGraphics.framework in Frameworks */,
				28860BE50F44EE6400985440 /* CoreData.framework in Frameworks */,
			);
			runOnlyForDeploymentPostprocessing = 0;
		};
/* End PBXFrameworksBuildPhase section */

/* Begin PBXGroup section */
		080E96DDFE201D6D7F000001 /* Classes */ = {
			isa = PBXGroup;
			children = (
				469B8B99105559EF00F59D7E /* Entities */,
				1D3623240D0F684500981E51 /* ISCDTableViewControllersSampleAppDelegate.h */,
				1D3623250D0F684500981E51 /* ISCDTableViewControllersSampleAppDelegate.m */,
			);
			path = Classes;
			sourceTree = "<group>";
		};
		19C28FACFE9D520D11CA2CBB /* Products */ = {
			isa = PBXGroup;
			children = (
				1D6058910D05DD3D006BFB54 /* ISCDTableViewControllersSample.app */,
			);
			name = Products;
			sourceTree = "<group>";
		};
		29B97314FDCFA39411CA2CEA /* CustomTemplate */ = {
			isa = PBXGroup;
			children = (
				463DDC16133C08CC00F50E31 /* cider */,
				080E96DDFE201D6D7F000001 /* Classes */,
				29B97315FDCFA39411CA2CEA /* Other Sources */,
				29B97317FDCFA39411CA2CEA /* Resources */,
				29B97323FDCFA39411CA2CEA /* Frameworks */,
				19C28FACFE9D520D11CA2CBB /* Products */,
			);
			name = CustomTemplate;
			sourceTree = "<group>";
		};
		29B97315FDCFA39411CA2CEA /* Other Sources */ = {
			isa = PBXGroup;
			children = (
				28A0AAE50D9B0CCF005BE974 /* ISCDTableViewControllersSample_Prefix.pch */,
				29B97316FDCFA39411CA2CEA /* main.m */,
			);
			name = "Other Sources";
			sourceTree = "<group>";
		};
		29B97317FDCFA39411CA2CEA /* Resources */ = {
			isa = PBXGroup;
			children = (
				28860B760F44E54D00985440 /* ISCDTableViewControllersSample.xcdatamodel */,
				28AD735F0D9D9599002E5188 /* MainWindow.xib */,
				8D1107310486CEB800E47090 /* ISCDTableViewControllersSample-Info.plist */,
				469B8DBA1055E10800F59D7E /* Localizable.strings */,
			);
			name = Resources;
			sourceTree = "<group>";
		};
		29B97323FDCFA39411CA2CEA /* Frameworks */ = {
			isa = PBXGroup;
			children = (
				1DF5F4DF0D08C38300B7A737 /* UIKit.framework */,
				1D30AB110D05D00D00671497 /* Foundation.framework */,
				2892E40F0DC94CBA00A64D0F /* CoreGraphics.framework */,
				28860BE40F44EE6400985440 /* CoreData.framework */,
			);
			name = Frameworks;
			sourceTree = "<group>";
		};
		463DDC16133C08CC00F50E31 /* cider */ = {
			isa = PBXGroup;
			children = (
				463DDC17133C08CC00F50E31 /* Cider.h */,
				463DDC18133C08CC00F50E31 /* CiderCoreData.h */,
				463DDC19133C08CC00F50E31 /* CoreData */,
				463DDC43133C08CC00F50E31 /* Foundation */,
				463DDC56133C08CC00F50E31 /* Resources */,
				463DDC5A133C08CC00F50E31 /* UIKit */,
			);
			name = cider;
			path = ../cider_eca0dc2;
			sourceTree = SOURCE_ROOT;
		};
		463DDC19133C08CC00F50E31 /* CoreData */ = {
			isa = PBXGroup;
			children = (
				463DDC1A133C08CC00F50E31 /* NSErrorCoreDataExtension.h */,
				463DDC1B133C08CC00F50E31 /* NSErrorCoreDataExtension.m */,
				463DDC1C133C08CC00F50E31 /* NSFetchedResultsController */,
				463DDC1F133C08CC00F50E31 /* NSManagedObject */,
				463DDC30133C08CC00F50E31 /* NSManagedObjectContext */,
				463DDC39133C08CC00F50E31 /* NSSortDescriptorExtension.h */,
				463DDC3A133C08CC00F50E31 /* NSSortDescriptorExtension.m */,
				463DDC3B133C08CC00F50E31 /* UIKit */,
			);
			path = CoreData;
			sourceTree = "<group>";
		};
		463DDC1C133C08CC00F50E31 /* NSFetchedResultsController */ = {
			isa = PBXGroup;
			children = (
				463DDC1D133C08CC00F50E31 /* NSFetchedResultsControllerSortedObject.h */,
				463DDC1E133C08CC00F50E31 /* NSFetchedResultsControllerSortedObject.m */,
			);
			path = NSFetchedResultsController;
			sourceTree = "<group>";
		};
		463DDC1F133C08CC00F50E31 /* NSManagedObject */ = {
			isa = PBXGroup;
			children = (
				463DDC20133C08CC00F50E31 /* ISFetchRequestCondition.h */,
				463DDC21133C08CC00F50E31 /* ISFetchRequestCondition.m */,
				463DDC22133C08CC00F50E31 /* NSManagedObjectCallbacks.h */,
				463DDC23133C08CC00F50E31 /* NSManagedObjectCallbacks.m */,
				463DDC24133C08CC00F50E31 /* NSManagedObjectCreation.h */,
				463DDC25133C08CC00F50E31 /* NSManagedObjectCreation.m */,
				463DDC26133C08CC00F50E31 /* NSManagedObjectDisplay.h */,
				463DDC27133C08CC00F50E31 /* NSManagedObjectDisplay.m */,
				463DDC28133C08CC00F50E31 /* NSManagedObjectFetch.h */,
				463DDC29133C08CC00F50E31 /* NSManagedObjectFetch.m */,
				463DDC2A133C08CC00F50E31 /* NSManagedObjectFind.h */,
				463DDC2B133C08CC00F50E31 /* NSManagedObjectFind.m */,
				463DDC2C133C08CC00F50E31 /* NSManagedObjectList.h */,
				463DDC2D133C08CC00F50E31 /* NSManagedObjectList.m */,
				463DDC2E133C08CC00F50E31 /* NSManagedObjectSerialize.h */,
				463DDC2F133C08CC00F50E31 /* NSManagedObjectSerialize.m */,
			);
			path = NSManagedObject;
			sourceTree = "<group>";
		};
		463DDC30133C08CC00F50E31 /* NSManagedObjectContext */ = {
			isa = PBXGroup;
			children = (
				463DDC31133C08CC00F50E31 /* NSManagedObjectContextAop.h */,
				463DDC32133C08CC00F50E31 /* NSManagedObjectContextAop.m */,
				463DDC33133C08CC00F50E31 /* NSManagedObjectContextCreation.h */,
				463DDC34133C08CC00F50E31 /* NSManagedObjectContextCreation.m */,
				463DDC35133C08CC00F50E31 /* NSManagedObjectContextDefaultContext.h */,
				463DDC36133C08CC00F50E31 /* NSManagedObjectContextDefaultContext.m */,
				463DDC37133C08CC00F50E31 /* NSManagedObjectContextSynchronize.h */,
				463DDC38133C08CC00F50E31 /* NSManagedObjectContextSynchronize.m */,
			);
			path = NSManagedObjectContext;
			sourceTree = "<group>";
		};
		463DDC3B133C08CC00F50E31 /* UIKit */ = {
			isa = PBXGroup;
			children = (
				463DDC3C133C08CC00F50E31 /* ISCDDetailedTableViewController.h */,
				463DDC3D133C08CC00F50E31 /* ISCDDetailedTableViewController.m */,
				463DDC3E133C08CC00F50E31 /* ISCDListTableViewController.h */,
				463DDC3F133C08CC00F50E31 /* ISCDListTableViewController.m */,
				463DDC40133C08CC00F50E31 /* ISDateTimeInputViewController.h */,
				463DDC41133C08CC00F50E31 /* ISDateTimeInputViewController.m */,
				463DDC42133C08CC00F50E31 /* ISDateTimeInputViewController.xib */,
			);
			path = UIKit;
			sourceTree = "<group>";
		};
		463DDC43133C08CC00F50E31 /* Foundation */ = {
			isa = PBXGroup;
			children = (
				463DDC44133C08CC00F50E31 /* ISEnvironment.h */,
				463DDC45133C08CC00F50E31 /* ISEnvironment.m */,
				463DDC46133C08CC00F50E31 /* ISProperty.h */,
				463DDC47133C08CC00F50E31 /* ISProperty.m */,
				463DDC48133C08CC00F50E31 /* ISSectionedArrayController.h */,
				463DDC49133C08CC00F50E31 /* ISSectionedArrayController.m */,
				463DDC4A133C08CC00F50E31 /* NSDateExtension.h */,
				463DDC4B133C08CC00F50E31 /* NSDateExtension.m */,
				463DDC4C133C08CC00F50E31 /* NSDateFormatterPatches.h */,
				463DDC4D133C08CC00F50E31 /* NSDateFormatterPatches.m */,
				463DDC4E133C08CC00F50E31 /* NSErrorExtension.h */,
				463DDC4F133C08CC00F50E31 /* NSErrorExtension.m */,
				463DDC50133C08CC00F50E31 /* NSNotificationCenterExtension.h */,
				463DDC51133C08CC00F50E31 /* NSNotificationCenterExtension.m */,
				463DDC52133C08CC00F50E31 /* NSOperationQueueDefaultQueue.h */,
				463DDC53133C08CC00F50E31 /* NSOperationQueueDefaultQueue.m */,
				463DDC54133C08CC00F50E31 /* UIColorExtension.h */,
				463DDC55133C08CC00F50E31 /* UIColorExtension.m */,
			);
			path = Foundation;
			sourceTree = "<group>";
		};
		463DDC56133C08CC00F50E31 /* Resources */ = {
			isa = PBXGroup;
			children = (
				463DDC57133C08CC00F50E31 /* cider.strings */,
			);
			path = Resources;
			sourceTree = "<group>";
		};
		463DDC5A133C08CC00F50E31 /* UIKit */ = {
			isa = PBXGroup;
			children = (
				463DDC5B133C08CC00F50E31 /* ISSelectionTableViewController.h */,
				463DDC5C133C08CC00F50E31 /* ISSelectionTableViewController.m */,
				463DDC5D133C08CC00F50E31 /* ISTableViewCell.h */,
				463DDC5E133C08CC00F50E31 /* ISTableViewCell.m */,
				463DDC5F133C08CC00F50E31 /* UITableViewControllerCreation.h */,
				463DDC60133C08CC00F50E31 /* UITableViewControllerCreation.m */,
				463DDC61133C08CC00F50E31 /* UIViewControllerCreation.h */,
				463DDC62133C08CC00F50E31 /* UIViewControllerCreation.m */,
			);
			path = UIKit;
			sourceTree = "<group>";
		};
		469B8B99105559EF00F59D7E /* Entities */ = {
			isa = PBXGroup;
			children = (
				469B8B9C10555A1A00F59D7E /* ISStudio.h */,
				469B8B9D10555A1A00F59D7E /* ISStudio.m */,
				469B8B9E10555A1A00F59D7E /* ISMovie.h */,
				469B8B9F10555A1A00F59D7E /* ISMovie.m */,
			);
			name = Entities;
			sourceTree = "<group>";
		};
/* End PBXGroup section */

/* Begin PBXNativeTarget section */
		1D6058900D05DD3D006BFB54 /* ISCDTableViewControllersSample */ = {
			isa = PBXNativeTarget;
			buildConfigurationList = 1D6058960D05DD3E006BFB54 /* Build configuration list for PBXNativeTarget "ISCDTableViewControllersSample" */;
			buildPhases = (
				1D60588D0D05DD3D006BFB54 /* Resources */,
				1D60588E0D05DD3D006BFB54 /* Sources */,
				1D60588F0D05DD3D006BFB54 /* Frameworks */,
			);
			buildRules = (
			);
			dependencies = (
			);
			name = ISCDTableViewControllersSample;
			productName = ISCDTableViewControllersSample;
			productReference = 1D6058910D05DD3D006BFB54 /* ISCDTableViewControllersSample.app */;
			productType = "com.apple.product-type.application";
		};
/* End PBXNativeTarget section */

/* Begin PBXProject section */
		29B97313FDCFA39411CA2CEA /* Project object */ = {
			isa = PBXProject;
			buildConfigurationList = C01FCF4E08A954540054247B /* Build configuration list for PBXProject "ISCDTableViewControllersSample" */;
			compatibilityVersion = "Xcode 3.1";
			developmentRegion = English;
			hasScannedForEncodings = 1;
			knownRegions = (
				English,
				Japanese,
				French,
				German,
				en,
			);
			mainGroup = 29B97314FDCFA39411CA2CEA /* CustomTemplate */;
			projectDirPath = "";
			projectRoot = "";
			targets = (
				1D6058900D05DD3D006BFB54 /* ISCDTableViewControllersSample */,
			);
		};
/* End PBXProject section */

/* Begin PBXResourcesBuildPhase section */
		1D60588D0D05DD3D006BFB54 /* Resources */ = {
			isa = PBXResourcesBuildPhase;
			buildActionMask = 2147483647;
			files = (
				28AD73600D9D9599002E5188 /* MainWindow.xib in Resources */,
				469B8DBB1055E10800F59D7E /* Localizable.strings in Resources */,
				463DDC75133C08CC00F50E31 /* ISDateTimeInputViewController.xib in Resources */,
				463DDC7F133C08CC00F50E31 /* cider.strings in Resources */,
			);
			runOnlyForDeploymentPostprocessing = 0;
		};
/* End PBXResourcesBuildPhase section */

/* Begin PBXSourcesBuildPhase section */
		1D60588E0D05DD3D006BFB54 /* Sources */ = {
			isa = PBXSourcesBuildPhase;
			buildActionMask = 2147483647;
			files = (
				1D60589B0D05DD56006BFB54 /* main.m in Sources */,
				1D3623260D0F684500981E51 /* ISCDTableViewControllersSampleAppDelegate.m in Sources */,
				28860B770F44E54D00985440 /* ISCDTableViewControllersSample.xcdatamodel in Sources */,
				469B8BA010555A1A00F59D7E /* ISStudio.m in Sources */,
				469B8BA110555A1A00F59D7E /* ISMovie.m in Sources */,
				463DDC63133C08CC00F50E31 /* NSErrorCoreDataExtension.m in Sources */,
				463DDC64133C08CC00F50E31 /* NSFetchedResultsControllerSortedObject.m in Sources */,
				463DDC65133C08CC00F50E31 /* ISFetchRequestCondition.m in Sources */,
				463DDC66133C08CC00F50E31 /* NSManagedObjectCallbacks.m in Sources */,
				463DDC67133C08CC00F50E31 /* NSManagedObjectCreation.m in Sources */,
				463DDC68133C08CC00F50E31 /* NSManagedObjectDisplay.m in Sources */,
				463DDC69133C08CC00F50E31 /* NSManagedObjectFetch.m in Sources */,
				463DDC6A133C08CC00F50E31 /* NSManagedObjectFind.m in Sources */,
				463DDC6B133C08CC00F50E31 /* NSManagedObjectList.m in Sources */,
				463DDC6C133C08CC00F50E31 /* NSManagedObjectSerialize.m in Sources */,
				463DDC6D133C08CC00F50E31 /* NSManagedObjectContextAop.m in Sources */,
				463DDC6E133C08CC00F50E31 /* NSManagedObjectContextCreation.m in Sources */,
				463DDC6F133C08CC00F50E31 /* NSManagedObjectContextDefaultContext.m in Sources */,
				463DDC70133C08CC00F50E31 /* NSManagedObjectContextSynchronize.m in Sources */,
				463DDC71133C08CC00F50E31 /* NSSortDescriptorExtension.m in Sources */,
				463DDC72133C08CC00F50E31 /* ISCDDetailedTableViewController.m in Sources */,
				463DDC73133C08CC00F50E31 /* ISCDListTableViewController.m in Sources */,
				463DDC74133C08CC00F50E31 /* ISDateTimeInputViewController.m in Sources */,
				463DDC76133C08CC00F50E31 /* ISEnvironment.m in Sources */,
				463DDC77133C08CC00F50E31 /* ISProperty.m in Sources */,
				463DDC78133C08CC00F50E31 /* ISSectionedArrayController.m in Sources */,
				463DDC79133C08CC00F50E31 /* NSDateExtension.m in Sources */,
				463DDC7A133C08CC00F50E31 /* NSDateFormatterPatches.m in Sources */,
				463DDC7B133C08CC00F50E31 /* NSErrorExtension.m in Sources */,
				463DDC7C133C08CC00F50E31 /* NSNotificationCenterExtension.m in Sources */,
				463DDC7D133C08CC00F50E31 /* NSOperationQueueDefaultQueue.m in Sources */,
				463DDC7E133C08CC00F50E31 /* UIColorExtension.m in Sources */,
				463DDC80133C08CC00F50E31 /* ISSelectionTableViewController.m in Sources */,
				463DDC81133C08CC00F50E31 /* ISTableViewCell.m in Sources */,
				463DDC82133C08CC00F50E31 /* UITableViewControllerCreation.m in Sources */,
				463DDC83133C08CC00F50E31 /* UIViewControllerCreation.m in Sources */,
			);
			runOnlyForDeploymentPostprocessing = 0;
		};
/* End PBXSourcesBuildPhase section */

/* Begin PBXVariantGroup section */
		463DDC57133C08CC00F50E31 /* cider.strings */ = {
			isa = PBXVariantGroup;
			children = (
				463DDC58133C08CC00F50E31 /* English */,
				463DDC59133C08CC00F50E31 /* Japanese */,
			);
			name = cider.strings;
			sourceTree = "<group>";
		};
		469B8DBA1055E10800F59D7E /* Localizable.strings */ = {
			isa = PBXVariantGroup;
			children = (
				469B8DB81055E0E000F59D7E /* English */,
				469B8DBC1055E11300F59D7E /* Japanese */,
			);
			name = Localizable.strings;
			sourceTree = "<group>";
		};
/* End PBXVariantGroup section */

/* Begin XCBuildConfiguration section */
		1D6058940D05DD3E006BFB54 /* Debug */ = {
			isa = XCBuildConfiguration;
			buildSettings = {
				ALWAYS_SEARCH_USER_PATHS = NO;
				COPY_PHASE_STRIP = NO;
				GCC_DYNAMIC_NO_PIC = NO;
				GCC_OPTIMIZATION_LEVEL = 0;
				GCC_PRECOMPILE_PREFIX_HEADER = YES;
				GCC_PREFIX_HEADER = ISCDTableViewControllersSample_Prefix.pch;
				INFOPLIST_FILE = "ISCDTableViewControllersSample-Info.plist";
				IPHONEOS_DEPLOYMENT_TARGET = 3.0;
				PRODUCT_NAME = ISCDTableViewControllersSample;
				SDKROOT = iphoneos;
			};
			name = Debug;
		};
		1D6058950D05DD3E006BFB54 /* Release */ = {
			isa = XCBuildConfiguration;
			buildSettings = {
				ALWAYS_SEARCH_USER_PATHS = NO;
				COPY_PHASE_STRIP = YES;
				GCC_PRECOMPILE_PREFIX_HEADER = YES;
				GCC_PREFIX_HEADER = ISCDTableViewControllersSample_Prefix.pch;
				INFOPLIST_FILE = "ISCDTableViewControllersSample-Info.plist";
				IPHONEOS_DEPLOYMENT_TARGET = 3.0;
				PRODUCT_NAME = ISCDTableViewControllersSample;
				SDKROOT = iphoneos;
			};
			name = Release;
		};
		C01FCF4F08A954540054247B /* Debug */ = {
			isa = XCBuildConfiguration;
			buildSettings = {
				ARCHS = "$(ARCHS_STANDARD_32_BIT)";
				"CODE_SIGN_IDENTITY[sdk=iphoneos*]" = "iPhone Developer";
				GCC_C_LANGUAGE_STANDARD = c99;
				GCC_WARN_ABOUT_RETURN_TYPE = YES;
				GCC_WARN_UNUSED_VARIABLE = YES;
				PREBINDING = NO;
				SDKROOT = iphoneos;
			};
			name = Debug;
		};
		C01FCF5008A954540054247B /* Release */ = {
			isa = XCBuildConfiguration;
			buildSettings = {
				ARCHS = "$(ARCHS_STANDARD_32_BIT)";
				"CODE_SIGN_IDENTITY[sdk=iphoneos*]" = "iPhone Developer";
				GCC_C_LANGUAGE_STANDARD = c99;
				GCC_WARN_ABOUT_RETURN_TYPE = YES;
				GCC_WARN_UNUSED_VARIABLE = YES;
				PREBINDING = NO;
				SDKROOT = iphoneos;
			};
			name = Release;
		};
/* End XCBuildConfiguration section */

/* Begin XCConfigurationList section */
		1D6058960D05DD3E006BFB54 /* Build configuration list for PBXNativeTarget "ISCDTableViewControllersSample" */ = {
			isa = XCConfigurationList;
			buildConfigurations = (
				1D6058940D05DD3E006BFB54 /* Debug */,
				1D6058950D05DD3E006BFB54 /* Release */,
			);
			defaultConfigurationIsVisible = 0;
			defaultConfigurationName = Release;
		};
		C01FCF4E08A954540054247B /* Build configuration list for PBXProject "ISCDTableViewControllersSample" */ = {
			isa = XCConfigurationList;
			buildConfigurations = (
				C01FCF4F08A954540054247B /* Debug */,
				C01FCF5008A954540054247B /* Release */,
			);
			defaultConfigurationIsVisible = 0;
			defaultConfigurationName = Release;
		};
/* End XCConfigurationList section */
	};
	rootObject = 29B97313FDCFA39411CA2CEA /* Project object */;
}
